// !$*UTF8*$!
{
	archiveVersion = 1;
	classes = {
	};
	objectVersion = 46;
	objects = {

/* Begin PBXBuildFile section */
		0BC848BFEF4490F9E7AE5467 /* Pods_TicketReaderApple.framework in Frameworks */ = {isa = PBXBuildFile; fileRef = CF104A8F438B11B3183B7895 /* Pods_TicketReaderApple.framework */; };
		0F1321742819B78CE5DDEE99 /* Pods_TicketReaderAppleUITests.framework in Frameworks */ = {isa = PBXBuildFile; fileRef = 28A7F1C7A5F4ED51BAEFFCA4 /* Pods_TicketReaderAppleUITests.framework */; };
		B3CE13F6AB27B5EC5E4ECBD4 /* Pods_TicketReaderAppleTests.framework in Frameworks */ = {isa = PBXBuildFile; fileRef = A197ACFFFB5C0018BD6C3ADB /* Pods_TicketReaderAppleTests.framework */; };
		BB1E6B971E37A3930084347A /* 58 2.png in Resources */ = {isa = PBXBuildFile; fileRef = BB1E6B961E37A3930084347A /* 58 2.png */; };
		BB1E6B991E37A4070084347A /* 58 3.png in Resources */ = {isa = PBXBuildFile; fileRef = BB1E6B981E37A4070084347A /* 58 3.png */; };
		BB1E6B9B1E37A5850084347A /* person.png in Resources */ = {isa = PBXBuildFile; fileRef = BB1E6B9A1E37A5850084347A /* person.png */; };
		BB1E6B9D1E37A6620084347A /* p.png in Resources */ = {isa = PBXBuildFile; fileRef = BB1E6B9C1E37A6620084347A /* p.png */; };
		BB1E6B9F1E37A7700084347A /* 3d6cfa22852.png in Resources */ = {isa = PBXBuildFile; fileRef = BB1E6B9E1E37A7700084347A /* 3d6cfa22852.png */; };
		BB2EAFDF1E39F16800B314FB /* CustomTabBarController.swift in Sources */ = {isa = PBXBuildFile; fileRef = BB2EAFDE1E39F16800B314FB /* CustomTabBarController.swift */; };
		BB2EAFE11E3A057900B314FB /* TagsListViews.swift in Sources */ = {isa = PBXBuildFile; fileRef = BB2EAFE01E3A057900B314FB /* TagsListViews.swift */; };
		BB2EAFE31E3A150600B314FB /* LastTicketsView.swift in Sources */ = {isa = PBXBuildFile; fileRef = BB2EAFE21E3A150600B314FB /* LastTicketsView.swift */; };
		BB2EAFE51E3A473100B314FB /* star_gold_256.png in Resources */ = {isa = PBXBuildFile; fileRef = BB2EAFE41E3A473100B314FB /* star_gold_256.png */; };
		BB5621241E277C4D00650ABF /* NewRegistry.swift in Sources */ = {isa = PBXBuildFile; fileRef = BB5621231E277C4D00650ABF /* NewRegistry.swift */; };
		BB5621261E277C6C00650ABF /* NewConnection.swift in Sources */ = {isa = PBXBuildFile; fileRef = BB5621251E277C6C00650ABF /* NewConnection.swift */; };
		BB57171A1E28E99600087334 /* icon_home.png in Resources */ = {isa = PBXBuildFile; fileRef = BB5717191E28E99600087334 /* icon_home.png */; };
		BB5D1CC71E4485D8004A2581 /* radioButton selected.png in Resources */ = {isa = PBXBuildFile; fileRef = BB5D1CC61E4485D8004A2581 /* radioButton selected.png */; };
		BB5D1CC91E4485E6004A2581 /* empty-radiobutton-128.png in Resources */ = {isa = PBXBuildFile; fileRef = BB5D1CC81E4485E6004A2581 /* empty-radiobutton-128.png */; };
		BB5D74E41E4A457A007C9F95 /* Tag.swift in Sources */ = {isa = PBXBuildFile; fileRef = BB5D74E31E4A457A007C9F95 /* Tag.swift */; };
		BB5EF3271E081EF40072A9DC /* GoogleService-Info.plist in Resources */ = {isa = PBXBuildFile; fileRef = BB5EF3261E081EF40072A9DC /* GoogleService-Info.plist */; };
		BB65BFCD1E41E01100C3F94B /* FavTicketsList.swift in Sources */ = {isa = PBXBuildFile; fileRef = BB65BFCC1E41E01100C3F94B /* FavTicketsList.swift */; };
		BB65BFCF1E41FF0100C3F94B /* Comercio.swift in Sources */ = {isa = PBXBuildFile; fileRef = BB65BFCE1E41FF0100C3F94B /* Comercio.swift */; };
		BB65BFD11E42005A00C3F94B /* StoreOfTicketsListView.swift in Sources */ = {isa = PBXBuildFile; fileRef = BB65BFD01E42005A00C3F94B /* StoreOfTicketsListView.swift */; };
		BB65BFD31E4210B900C3F94B /* SearchStoreTicketsListView.swift in Sources */ = {isa = PBXBuildFile; fileRef = BB65BFD21E4210B900C3F94B /* SearchStoreTicketsListView.swift */; };
		BB66AA411E432D4C00C7679C /* lupa-icono-3813-128.png in Resources */ = {isa = PBXBuildFile; fileRef = BB66AA401E432D4C00C7679C /* lupa-icono-3813-128.png */; };
		BB66AA431E4332E700C7679C /* 25985.png in Resources */ = {isa = PBXBuildFile; fileRef = BB66AA421E4332E700C7679C /* 25985.png */; };
		BB66AA451E4337C500C7679C /* flechita.png in Resources */ = {isa = PBXBuildFile; fileRef = BB66AA441E4337C500C7679C /* flechita.png */; };
		BB66AA471E433B4A00C7679C /* SearchComercio.swift in Sources */ = {isa = PBXBuildFile; fileRef = BB66AA461E433B4A00C7679C /* SearchComercio.swift */; };
		BB6737EC1E26232C0069FDBA /* iTunesArtwork@2x.png in Resources */ = {isa = PBXBuildFile; fileRef = BB6737EB1E26232C0069FDBA /* iTunesArtwork@2x.png */; };
		BB6737EE1E2624BE0069FDBA /* 29.png in Resources */ = {isa = PBXBuildFile; fileRef = BB6737ED1E2624BE0069FDBA /* 29.png */; };
		BB6737F01E2624C90069FDBA /* 58.png in Resources */ = {isa = PBXBuildFile; fileRef = BB6737EF1E2624C90069FDBA /* 58.png */; };
		BB6737F21E26251F0069FDBA /* 89.png in Resources */ = {isa = PBXBuildFile; fileRef = BB6737F11E26251F0069FDBA /* 89.png */; };
		BB6B61B91E0A97DD00F0F56A /* CameraViewController.swift in Sources */ = {isa = PBXBuildFile; fileRef = BB6B61B81E0A97DD00F0F56A /* CameraViewController.swift */; };
		BB6B61BB1E0AA52E00F0F56A /* CameraViewControllerLogin.swift in Sources */ = {isa = PBXBuildFile; fileRef = BB6B61BA1E0AA52E00F0F56A /* CameraViewControllerLogin.swift */; };
		BB6C27FE1E38A7C6008693AB /* TabView.swift in Sources */ = {isa = PBXBuildFile; fileRef = BB6C27FD1E38A7C6008693AB /* TabView.swift */; };
		BB6FE6791E4B85CC00181D6A /* Imagen1.png in Resources */ = {isa = PBXBuildFile; fileRef = BB6FE6781E4B85CC00181D6A /* Imagen1.png */; };
		BB6FE67B1E4B8ED800181D6A /* new.png in Resources */ = {isa = PBXBuildFile; fileRef = BB6FE67A1E4B8ED800181D6A /* new.png */; };
		BB6FE67D1E4B8EE400181D6A /* Imagen1 copia.png in Resources */ = {isa = PBXBuildFile; fileRef = BB6FE67C1E4B8EE400181D6A /* Imagen1 copia.png */; };
		BB6FE67F1E4B8EEF00181D6A /* Imagen1 copia 2.png in Resources */ = {isa = PBXBuildFile; fileRef = BB6FE67E1E4B8EEF00181D6A /* Imagen1 copia 2.png */; };
		BB6FE6811E4B987C00181D6A /* logo copia.png in Resources */ = {isa = PBXBuildFile; fileRef = BB6FE6801E4B987C00181D6A /* logo copia.png */; };
		BB6FE6831E4B988900181D6A /* logo.png in Resources */ = {isa = PBXBuildFile; fileRef = BB6FE6821E4B988900181D6A /* logo.png */; };
		BB6FE6851E4B989400181D6A /* logo copia 2.png in Resources */ = {isa = PBXBuildFile; fileRef = BB6FE6841E4B989400181D6A /* logo copia 2.png */; };
		BB74793C1E48C39200843905 /* CityOfTicketsListView.swift in Sources */ = {isa = PBXBuildFile; fileRef = BB74793B1E48C39200843905 /* CityOfTicketsListView.swift */; };
		BB74793E1E48C3AE00843905 /* ActivitiesOfTicketsListView.swift in Sources */ = {isa = PBXBuildFile; fileRef = BB74793D1E48C3AE00843905 /* ActivitiesOfTicketsListView.swift */; };
		BB7479401E48E32A00843905 /* Usuario.swift in Sources */ = {isa = PBXBuildFile; fileRef = BB74793F1E48E32A00843905 /* Usuario.swift */; };
		BB77EB851E003F0C00D6C9A7 /* white.gif in Resources */ = {isa = PBXBuildFile; fileRef = BB77EB841E003F0C00D6C9A7 /* white.gif */; };
		BB77EB871E003F3E00D6C9A7 /* checkboxD.png in Resources */ = {isa = PBXBuildFile; fileRef = BB77EB861E003F3E00D6C9A7 /* checkboxD.png */; };
		BB77EB891E0045C500D6C9A7 /* camera.png in Resources */ = {isa = PBXBuildFile; fileRef = BB77EB881E0045C500D6C9A7 /* camera.png */; };
		BB7D747D1E27A6200028C8EF /* ASCalendar.swift in Sources */ = {isa = PBXBuildFile; fileRef = BB7D74621E27A6200028C8EF /* ASCalendar.swift */; };
		BB7D747E1E27A6200028C8EF /* ASCustomLayer.swift in Sources */ = {isa = PBXBuildFile; fileRef = BB7D74631E27A6200028C8EF /* ASCustomLayer.swift */; };
		BB7D747F1E27A6200028C8EF /* ASCalendarV.swift in Sources */ = {isa = PBXBuildFile; fileRef = BB7D74641E27A6200028C8EF /* ASCalendarV.swift */; };
		BB7D74801E27A6200028C8EF /* ASBodyV.swift in Sources */ = {isa = PBXBuildFile; fileRef = BB7D74651E27A6200028C8EF /* ASBodyV.swift */; };
		BB7D74811E27A6200028C8EF /* ASMonthV.swift in Sources */ = {isa = PBXBuildFile; fileRef = BB7D74661E27A6200028C8EF /* ASMonthV.swift */; };
		BB7D74821E27A6200028C8EF /* ASWeekV.swift in Sources */ = {isa = PBXBuildFile; fileRef = BB7D74671E27A6200028C8EF /* ASWeekV.swift */; };
		BB7D74831E27A6200028C8EF /* ASDayV.swift in Sources */ = {isa = PBXBuildFile; fileRef = BB7D74681E27A6200028C8EF /* ASDayV.swift */; };
		BB7D74841E27A6200028C8EF /* Dynamic.swift in Sources */ = {isa = PBXBuildFile; fileRef = BB7D746E1E27A6200028C8EF /* Dynamic.swift */; };
		BB7D74851E27A6200028C8EF /* ASCalendarVM.swift in Sources */ = {isa = PBXBuildFile; fileRef = BB7D746F1E27A6200028C8EF /* ASCalendarVM.swift */; };
		BB7D74861E27A6200028C8EF /* ASBodyVM.swift in Sources */ = {isa = PBXBuildFile; fileRef = BB7D74701E27A6200028C8EF /* ASBodyVM.swift */; };
		BB7D74871E27A6200028C8EF /* ASMonthCellVM.swift in Sources */ = {isa = PBXBuildFile; fileRef = BB7D74711E27A6200028C8EF /* ASMonthCellVM.swift */; };
		BB7D74881E27A6200028C8EF /* ASWeekVM.swift in Sources */ = {isa = PBXBuildFile; fileRef = BB7D74721E27A6200028C8EF /* ASWeekVM.swift */; };
		BB7D74891E27A6200028C8EF /* ASDayVM.swift in Sources */ = {isa = PBXBuildFile; fileRef = BB7D74731E27A6200028C8EF /* ASDayVM.swift */; };
		BB7D748A1E27A6200028C8EF /* ASThemeVM.swift in Sources */ = {isa = PBXBuildFile; fileRef = BB7D74741E27A6200028C8EF /* ASThemeVM.swift */; };
		BB7D748B1E27A6200028C8EF /* ASSettingsM.swift in Sources */ = {isa = PBXBuildFile; fileRef = BB7D74761E27A6200028C8EF /* ASSettingsM.swift */; };
		BB7D748C1E27A6200028C8EF /* ASMonthM.swift in Sources */ = {isa = PBXBuildFile; fileRef = BB7D74771E27A6200028C8EF /* ASMonthM.swift */; };
		BB7D748D1E27A6200028C8EF /* ASCalendarNamesM.swift in Sources */ = {isa = PBXBuildFile; fileRef = BB7D74781E27A6200028C8EF /* ASCalendarNamesM.swift */; };
		BB7D748E1E27A6200028C8EF /* ASWeekM.swift in Sources */ = {isa = PBXBuildFile; fileRef = BB7D74791E27A6200028C8EF /* ASWeekM.swift */; };
		BB7D748F1E27A6200028C8EF /* ASDayM.swift in Sources */ = {isa = PBXBuildFile; fileRef = BB7D747A1E27A6200028C8EF /* ASDayM.swift */; };
		BB7D74911E27A9EC0028C8EF /* calendarIcon.png in Resources */ = {isa = PBXBuildFile; fileRef = BB7D74901E27A9EC0028C8EF /* calendarIcon.png */; };
		BB7F5BD81E3F359200A03230 /* lupa-hi.png in Resources */ = {isa = PBXBuildFile; fileRef = BB7F5BD71E3F359200A03230 /* lupa-hi.png */; };
		BB7F5BDA1E3F362B00A03230 /* preferencias-del-sistema.png in Resources */ = {isa = PBXBuildFile; fileRef = BB7F5BD91E3F362B00A03230 /* preferencias-del-sistema.png */; };
		BB7F5BDC1E3F392F00A03230 /* ticketLast.png in Resources */ = {isa = PBXBuildFile; fileRef = BB7F5BDB1E3F392F00A03230 /* ticketLast.png */; };
		BB7F5BDE1E3F41FB00A03230 /* maintenance_256.png in Resources */ = {isa = PBXBuildFile; fileRef = BB7F5BDD1E3F41FB00A03230 /* maintenance_256.png */; };
		BB7F5BE01E3F444C00A03230 /* 472.png in Resources */ = {isa = PBXBuildFile; fileRef = BB7F5BDF1E3F444C00A03230 /* 472.png */; };
		BB7F5BE21E3F45AC00A03230 /* chat-20.png in Resources */ = {isa = PBXBuildFile; fileRef = BB7F5BE11E3F45AC00A03230 /* chat-20.png */; };
		BB7F5BE61E3F462F00A03230 /* ambiente-recielpuente.png in Resources */ = {isa = PBXBuildFile; fileRef = BB7F5BE51E3F462F00A03230 /* ambiente-recielpuente.png */; };
		BB7F5BE81E3F4A5800A03230 /* icono.flecha.izquierda.png in Resources */ = {isa = PBXBuildFile; fileRef = BB7F5BE71E3F4A5800A03230 /* icono.flecha.izquierda.png */; };
		BB7F5BEA1E3F531F00A03230 /* CameraViewControllerTags.swift in Sources */ = {isa = PBXBuildFile; fileRef = BB7F5BE91E3F531F00A03230 /* CameraViewControllerTags.swift */; };
		BB7F5BEC1E3F6B1900A03230 /* UpdatePassword.swift in Sources */ = {isa = PBXBuildFile; fileRef = BB7F5BEB1E3F6B1800A03230 /* UpdatePassword.swift */; };
		BB7F5BEE1E3F9A8C00A03230 /* fav.png in Resources */ = {isa = PBXBuildFile; fileRef = BB7F5BED1E3F9A8C00A03230 /* fav.png */; };
		BB7F5BF01E3F9CA700A03230 /* 34564.png in Resources */ = {isa = PBXBuildFile; fileRef = BB7F5BEF1E3F9CA700A03230 /* 34564.png */; };
		BB7F5BF21E3F9DB200A03230 /* arrow-back-128.png in Resources */ = {isa = PBXBuildFile; fileRef = BB7F5BF11E3F9DB200A03230 /* arrow-back-128.png */; };
		BB8785231DFECD0A003A7F76 /* PageViewControllerSearch.swift in Sources */ = {isa = PBXBuildFile; fileRef = BB8785221DFECD0A003A7F76 /* PageViewControllerSearch.swift */; };
		BB8785271DFEE887003A7F76 /* menu icon.png in Resources */ = {isa = PBXBuildFile; fileRef = BB8785261DFEE887003A7F76 /* menu icon.png */; };
		BB8785291DFEE980003A7F76 /* menuP.png in Resources */ = {isa = PBXBuildFile; fileRef = BB8785281DFEE980003A7F76 /* menuP.png */; };
		BB87852B1DFEE9F7003A7F76 /* menuD.png in Resources */ = {isa = PBXBuildFile; fileRef = BB87852A1DFEE9F7003A7F76 /* menuD.png */; };
		BB87852D1DFEEA46003A7F76 /* menu.png in Resources */ = {isa = PBXBuildFile; fileRef = BB87852C1DFEEA46003A7F76 /* menu.png */; };
		BB87852F1DFEEC9B003A7F76 /* TICKETS-NOW.png in Resources */ = {isa = PBXBuildFile; fileRef = BB87852E1DFEEC9B003A7F76 /* TICKETS-NOW.png */; };
		BB8785321DFEF93D003A7F76 /* Presentation.swift in Sources */ = {isa = PBXBuildFile; fileRef = BB8785311DFEF93D003A7F76 /* Presentation.swift */; };
		BB8785341DFF1507003A7F76 /* Registro.swift in Sources */ = {isa = PBXBuildFile; fileRef = BB8785331DFF1507003A7F76 /* Registro.swift */; };
		BB8785361DFF165D003A7F76 /* checkbox.gif in Resources */ = {isa = PBXBuildFile; fileRef = BB8785351DFF165D003A7F76 /* checkbox.gif */; };
		BB8785381DFF17C9003A7F76 /* selected.png in Resources */ = {isa = PBXBuildFile; fileRef = BB8785371DFF17C9003A7F76 /* selected.png */; };
		BB88D5591E018BFB0051F231 /* Login.swift in Sources */ = {isa = PBXBuildFile; fileRef = BB88D5581E018BFB0051F231 /* Login.swift */; };
		BBB8F08F1E3796E20089EFDB /* DashboardTabBarController.swift in Sources */ = {isa = PBXBuildFile; fileRef = BBB8F08E1E3796E20089EFDB /* DashboardTabBarController.swift */; };
		BBD28C761DF5B60400246AEF /* AppDelegate.swift in Sources */ = {isa = PBXBuildFile; fileRef = BBD28C751DF5B60400246AEF /* AppDelegate.swift */; };
		BBD28C7B1DF5B60400246AEF /* Main.storyboard in Resources */ = {isa = PBXBuildFile; fileRef = BBD28C791DF5B60400246AEF /* Main.storyboard */; };
		BBD28C7D1DF5B60400246AEF /* Assets.xcassets in Resources */ = {isa = PBXBuildFile; fileRef = BBD28C7C1DF5B60400246AEF /* Assets.xcassets */; };
		BBD28C801DF5B60400246AEF /* LaunchScreen.storyboard in Resources */ = {isa = PBXBuildFile; fileRef = BBD28C7E1DF5B60400246AEF /* LaunchScreen.storyboard */; };
		BBD28CA71DF5B77100246AEF /* SWRevealViewController.m in Sources */ = {isa = PBXBuildFile; fileRef = BBD28CA61DF5B77100246AEF /* SWRevealViewController.m */; };
		BBD28CA91DF5C13300246AEF /* Busqueda.swift in Sources */ = {isa = PBXBuildFile; fileRef = BBD28CA81DF5C13300246AEF /* Busqueda.swift */; };
		BBD28CAD1DF5C5EE00246AEF /* EditUser.swift in Sources */ = {isa = PBXBuildFile; fileRef = BBD28CAC1DF5C5EE00246AEF /* EditUser.swift */; };
		BBD28CAF1DF5C7AE00246AEF /* PageViewController.swift in Sources */ = {isa = PBXBuildFile; fileRef = BBD28CAE1DF5C7AE00246AEF /* PageViewController.swift */; };
		BBD28CB11DF5C7F000246AEF /* TicketConstant.swift in Sources */ = {isa = PBXBuildFile; fileRef = BBD28CB01DF5C7F000246AEF /* TicketConstant.swift */; };
		BBD28CB31DF5C80B00246AEF /* Ticket.swift in Sources */ = {isa = PBXBuildFile; fileRef = BBD28CB21DF5C80B00246AEF /* Ticket.swift */; };
		BBD28CB51DF5C84600246AEF /* CardViewController.swift in Sources */ = {isa = PBXBuildFile; fileRef = BBD28CB41DF5C84600246AEF /* CardViewController.swift */; };
		BBD28CB71DF5C87600246AEF /* TicketWebServer.swift in Sources */ = {isa = PBXBuildFile; fileRef = BBD28CB61DF5C87600246AEF /* TicketWebServer.swift */; };
		BBD28CB91DF5C8FE00246AEF /* ViewControllerProvider.swift in Sources */ = {isa = PBXBuildFile; fileRef = BBD28CB81DF5C8FE00246AEF /* ViewControllerProvider.swift */; };
		BBD438D61DF8230200386B7A /* TicketList.swift in Sources */ = {isa = PBXBuildFile; fileRef = BBD438D51DF8230200386B7A /* TicketList.swift */; };
		BBEC7EE81E44AA990085B906 /* Activities.swift in Sources */ = {isa = PBXBuildFile; fileRef = BBEC7EE71E44AA990085B906 /* Activities.swift */; };
		BBEC7EEA1E44AAAC0085B906 /* City.swift in Sources */ = {isa = PBXBuildFile; fileRef = BBEC7EE91E44AAAC0085B906 /* City.swift */; };
		EB141F651EC3682500022703 /* degradedNew.png in Resources */ = {isa = PBXBuildFile; fileRef = EB141F641EC3682500022703 /* degradedNew.png */; };
		EB3C83651EC24B8F007AC9DD /* selectedTiCloud.PNG in Resources */ = {isa = PBXBuildFile; fileRef = EB3C83641EC24B8F007AC9DD /* selectedTiCloud.PNG */; };
		EB3C838A1EC24BD1007AC9DD /* 1.png in Resources */ = {isa = PBXBuildFile; fileRef = EB3C83661EC24BD1007AC9DD /* 1.png */; };
		EB3C838B1EC24BD1007AC9DD /* 3.png in Resources */ = {isa = PBXBuildFile; fileRef = EB3C83671EC24BD1007AC9DD /* 3.png */; };
		EB3C838C1EC24BD1007AC9DD /* 4.png in Resources */ = {isa = PBXBuildFile; fileRef = EB3C83681EC24BD1007AC9DD /* 4.png */; };
		EB3C838D1EC24BD1007AC9DD /* 11.png in Resources */ = {isa = PBXBuildFile; fileRef = EB3C83691EC24BD1007AC9DD /* 11.png */; };
		EB3C838E1EC24BD1007AC9DD /* 33.png in Resources */ = {isa = PBXBuildFile; fileRef = EB3C836A1EC24BD1007AC9DD /* 33.png */; };
		EB3C838F1EC24BD1007AC9DD /* 44.png in Resources */ = {isa = PBXBuildFile; fileRef = EB3C836B1EC24BD1007AC9DD /* 44.png */; };
		EB3C83901EC24BD1007AC9DD /* ajustes.png in Resources */ = {isa = PBXBuildFile; fileRef = EB3C836C1EC24BD1007AC9DD /* ajustes.png */; };
		EB3C83911EC24BD1007AC9DD /* bolsa.png in Resources */ = {isa = PBXBuildFile; fileRef = EB3C836D1EC24BD1007AC9DD /* bolsa.png */; };
		EB3C83921EC24BD1007AC9DD /* ButtonAccount.png in Resources */ = {isa = PBXBuildFile; fileRef = EB3C836E1EC24BD1007AC9DD /* ButtonAccount.png */; };
		EB3C83931EC24BD1007AC9DD /* buttonEditUserEmpty.png in Resources */ = {isa = PBXBuildFile; fileRef = EB3C836F1EC24BD1007AC9DD /* buttonEditUserEmpty.png */; };
		EB3C83941EC24BD1007AC9DD /* calendar_green.png in Resources */ = {isa = PBXBuildFile; fileRef = EB3C83701EC24BD1007AC9DD /* calendar_green.png */; };
		EB3C83951EC24BD1007AC9DD /* calendar_search_ticket.png in Resources */ = {isa = PBXBuildFile; fileRef = EB3C83711EC24BD1007AC9DD /* calendar_search_ticket.png */; };
		EB3C83961EC24BD1007AC9DD /* close-button-png-27.png in Resources */ = {isa = PBXBuildFile; fileRef = EB3C83721EC24BD1007AC9DD /* close-button-png-27.png */; };
		EB3C83971EC24BD1007AC9DD /* cuenta.png in Resources */ = {isa = PBXBuildFile; fileRef = EB3C83731EC24BD1007AC9DD /* cuenta.png */; };
		EB3C83981EC24BD1007AC9DD /* degraded.png in Resources */ = {isa = PBXBuildFile; fileRef = EB3C83741EC24BD1007AC9DD /* degraded.png */; };
		EB3C83991EC24BD1007AC9DD /* favbueno.png in Resources */ = {isa = PBXBuildFile; fileRef = EB3C83751EC24BD1007AC9DD /* favbueno.png */; };
		EB3C839A1EC24BD1007AC9DD /* favListIcon.png in Resources */ = {isa = PBXBuildFile; fileRef = EB3C83761EC24BD1007AC9DD /* favListIcon.png */; };
		EB3C839B1EC24BD1007AC9DD /* flecha_edit_text.png in Resources */ = {isa = PBXBuildFile; fileRef = EB3C83771EC24BD1007AC9DD /* flecha_edit_text.png */; };
		EB3C839C1EC24BD1007AC9DD /* flechalisticket.png in Resources */ = {isa = PBXBuildFile; fileRef = EB3C83781EC24BD1007AC9DD /* flechalisticket.png */; };
		EB3C839D1EC24BD1007AC9DD /* flechalisticketSearch.png in Resources */ = {isa = PBXBuildFile; fileRef = EB3C83791EC24BD1007AC9DD /* flechalisticketSearch.png */; };
		EB3C839E1EC24BD1007AC9DD /* grande.png in Resources */ = {isa = PBXBuildFile; fileRef = EB3C837A1EC24BD1007AC9DD /* grande.png */; };
		EB3C839F1EC24BD1007AC9DD /* icono-chatarreria-medio-ambiente-recielpuente.png in Resources */ = {isa = PBXBuildFile; fileRef = EB3C837B1EC24BD1007AC9DD /* icono-chatarreria-medio-ambiente-recielpuente.png */; };
		EB3C83A01EC24BD1007AC9DD /* info.png in Resources */ = {isa = PBXBuildFile; fileRef = EB3C837C1EC24BD1007AC9DD /* info.png */; };
		EB3C83A11EC24BD1007AC9DD /* logo_listado.png in Resources */ = {isa = PBXBuildFile; fileRef = EB3C837D1EC24BD1007AC9DD /* logo_listado.png */; };
		EB3C83A21EC24BD1007AC9DD /* logo_ticloud.png in Resources */ = {isa = PBXBuildFile; fileRef = EB3C837E1EC24BD1007AC9DD /* logo_ticloud.png */; };
		EB3C83A31EC24BD1007AC9DD /* lupaD.png in Resources */ = {isa = PBXBuildFile; fileRef = EB3C837F1EC24BD1007AC9DD /* lupaD.png */; };
		EB3C83A41EC24BD1007AC9DD /* medioambiente.png in Resources */ = {isa = PBXBuildFile; fileRef = EB3C83801EC24BD1007AC9DD /* medioambiente.png */; };
		EB3C83A51EC24BD1007AC9DD /* nfc.png in Resources */ = {isa = PBXBuildFile; fileRef = EB3C83811EC24BD1007AC9DD /* nfc.png */; };
		EB3C83A61EC24BD1007AC9DD /* no_check_trans.png in Resources */ = {isa = PBXBuildFile; fileRef = EB3C83821EC24BD1007AC9DD /* no_check_trans.png */; };
		EB3C83A71EC24BD1007AC9DD /* no_check.PNG in Resources */ = {isa = PBXBuildFile; fileRef = EB3C83831EC24BD1007AC9DD /* no_check.PNG */; };
		EB3C83A81EC24BD1007AC9DD /* no_checkTiCloud.PNG in Resources */ = {isa = PBXBuildFile; fileRef = EB3C83841EC24BD1007AC9DD /* no_checkTiCloud.PNG */; };
		EB3C83A91EC24BD1007AC9DD /* power-icon.png in Resources */ = {isa = PBXBuildFile; fileRef = EB3C83851EC24BD1007AC9DD /* power-icon.png */; };
		EB3C83AA1EC24BD1007AC9DD /* quienes_somos.png in Resources */ = {isa = PBXBuildFile; fileRef = EB3C83861EC24BD1007AC9DD /* quienes_somos.png */; };
		EB3C83AB1EC24BD1007AC9DD /* rButtonAccount.png in Resources */ = {isa = PBXBuildFile; fileRef = EB3C83871EC24BD1007AC9DD /* rButtonAccount.png */; };
		EB3C83AC1EC24BD1007AC9DD /* selected_trans.png in Resources */ = {isa = PBXBuildFile; fileRef = EB3C83881EC24BD1007AC9DD /* selected_trans.png */; };
		EB3C83AD1EC24BD1007AC9DD /* ticket-icon-64996.png in Resources */ = {isa = PBXBuildFile; fileRef = EB3C83891EC24BD1007AC9DD /* ticket-icon-64996.png */; };
		EB3C83AF1EC24C39007AC9DD /* listado.png in Resources */ = {isa = PBXBuildFile; fileRef = EB3C83AE1EC24C39007AC9DD /* listado.png */; };
		EB3C83B11EC24C59007AC9DD /* logo_login.png in Resources */ = {isa = PBXBuildFile; fileRef = EB3C83B01EC24C59007AC9DD /* logo_login.png */; };
		EB3C83B31EC24C7D007AC9DD /* arrow_right.png in Resources */ = {isa = PBXBuildFile; fileRef = EB3C83B21EC24C7D007AC9DD /* arrow_right.png */; };
		EB3C83BB1EC24CE6007AC9DD /* camera_icon_post.png in Resources */ = {isa = PBXBuildFile; fileRef = EB3C83B41EC24CE6007AC9DD /* camera_icon_post.png */; };
		EB3C83BC1EC24CE6007AC9DD /* candado.png in Resources */ = {isa = PBXBuildFile; fileRef = EB3C83B51EC24CE6007AC9DD /* candado.png */; };
		EB3C83BD1EC24CE6007AC9DD /* email.png in Resources */ = {isa = PBXBuildFile; fileRef = EB3C83B61EC24CE6007AC9DD /* email.png */; };
		EB3C83BE1EC24CE6007AC9DD /* radio_button_off_grey_192x192.png in Resources */ = {isa = PBXBuildFile; fileRef = EB3C83B71EC24CE6007AC9DD /* radio_button_off_grey_192x192.png */; };
		EB3C83BF1EC24CE6007AC9DD /* radio_button_on_grey_192x192.png in Resources */ = {isa = PBXBuildFile; fileRef = EB3C83B81EC24CE6007AC9DD /* radio_button_on_grey_192x192.png */; };
		EB3C83C01EC24CE6007AC9DD /* rButtonEmpty.png in Resources */ = {isa = PBXBuildFile; fileRef = EB3C83B91EC24CE6007AC9DD /* rButtonEmpty.png */; };
		EB3C83C11EC24CE6007AC9DD /* rButtonSelected.png in Resources */ = {isa = PBXBuildFile; fileRef = EB3C83BA1EC24CE6007AC9DD /* rButtonSelected.png */; };
/* End PBXBuildFile section */

/* Begin PBXContainerItemProxy section */
		BBD28C871DF5B60400246AEF /* PBXContainerItemProxy */ = {
			isa = PBXContainerItemProxy;
			containerPortal = BBD28C6A1DF5B60400246AEF /* Project object */;
			proxyType = 1;
			remoteGlobalIDString = BBD28C711DF5B60400246AEF;
			remoteInfo = sideBarMenuNav;
		};
		BBD28C921DF5B60400246AEF /* PBXContainerItemProxy */ = {
			isa = PBXContainerItemProxy;
			containerPortal = BBD28C6A1DF5B60400246AEF /* Project object */;
			proxyType = 1;
			remoteGlobalIDString = BBD28C711DF5B60400246AEF;
			remoteInfo = sideBarMenuNav;
		};
/* End PBXContainerItemProxy section */

/* Begin PBXFileReference section */
		15422519EB96C13670F8BF55 /* Pods-TicketReaderAppleUITests.release.xcconfig */ = {isa = PBXFileReference; includeInIndex = 1; lastKnownFileType = text.xcconfig; name = "Pods-TicketReaderAppleUITests.release.xcconfig"; path = "Pods/Target Support Files/Pods-TicketReaderAppleUITests/Pods-TicketReaderAppleUITests.release.xcconfig"; sourceTree = "<group>"; };
		27F707F3B042DF7D2ACD3ACD /* Pods-TicketReaderApple.debug.xcconfig */ = {isa = PBXFileReference; includeInIndex = 1; lastKnownFileType = text.xcconfig; name = "Pods-TicketReaderApple.debug.xcconfig"; path = "Pods/Target Support Files/Pods-TicketReaderApple/Pods-TicketReaderApple.debug.xcconfig"; sourceTree = "<group>"; };
		28A7F1C7A5F4ED51BAEFFCA4 /* Pods_TicketReaderAppleUITests.framework */ = {isa = PBXFileReference; explicitFileType = wrapper.framework; includeInIndex = 0; path = Pods_TicketReaderAppleUITests.framework; sourceTree = BUILT_PRODUCTS_DIR; };
		55087D3BBBDDB46ED91CE0CC /* Pods-TicketReaderAppleTests.debug.xcconfig */ = {isa = PBXFileReference; includeInIndex = 1; lastKnownFileType = text.xcconfig; name = "Pods-TicketReaderAppleTests.debug.xcconfig"; path = "Pods/Target Support Files/Pods-TicketReaderAppleTests/Pods-TicketReaderAppleTests.debug.xcconfig"; sourceTree = "<group>"; };
		5B1525E441B15FDE5647FCC1 /* Pods-TicketReaderApple.release.xcconfig */ = {isa = PBXFileReference; includeInIndex = 1; lastKnownFileType = text.xcconfig; name = "Pods-TicketReaderApple.release.xcconfig"; path = "Pods/Target Support Files/Pods-TicketReaderApple/Pods-TicketReaderApple.release.xcconfig"; sourceTree = "<group>"; };
		5C565D1E6F6C3242367A7054 /* Pods-TicketReaderAppleTests.release.xcconfig */ = {isa = PBXFileReference; includeInIndex = 1; lastKnownFileType = text.xcconfig; name = "Pods-TicketReaderAppleTests.release.xcconfig"; path = "Pods/Target Support Files/Pods-TicketReaderAppleTests/Pods-TicketReaderAppleTests.release.xcconfig"; sourceTree = "<group>"; };
		A197ACFFFB5C0018BD6C3ADB /* Pods_TicketReaderAppleTests.framework */ = {isa = PBXFileReference; explicitFileType = wrapper.framework; includeInIndex = 0; path = Pods_TicketReaderAppleTests.framework; sourceTree = BUILT_PRODUCTS_DIR; };
		BB1E6B961E37A3930084347A /* 58 2.png */ = {isa = PBXFileReference; lastKnownFileType = image.png; path = "58 2.png"; sourceTree = "<group>"; };
		BB1E6B981E37A4070084347A /* 58 3.png */ = {isa = PBXFileReference; lastKnownFileType = image.png; path = "58 3.png"; sourceTree = "<group>"; };
		BB1E6B9A1E37A5850084347A /* person.png */ = {isa = PBXFileReference; lastKnownFileType = image.png; path = person.png; sourceTree = "<group>"; };
		BB1E6B9C1E37A6620084347A /* p.png */ = {isa = PBXFileReference; lastKnownFileType = image.png; path = p.png; sourceTree = "<group>"; };
		BB1E6B9E1E37A7700084347A /* 3d6cfa22852.png */ = {isa = PBXFileReference; lastKnownFileType = image.png; path = 3d6cfa22852.png; sourceTree = "<group>"; };
		BB2EAFDE1E39F16800B314FB /* CustomTabBarController.swift */ = {isa = PBXFileReference; fileEncoding = 4; lastKnownFileType = sourcecode.swift; path = CustomTabBarController.swift; sourceTree = "<group>"; };
		BB2EAFE01E3A057900B314FB /* TagsListViews.swift */ = {isa = PBXFileReference; fileEncoding = 4; lastKnownFileType = sourcecode.swift; path = TagsListViews.swift; sourceTree = "<group>"; };
		BB2EAFE21E3A150600B314FB /* LastTicketsView.swift */ = {isa = PBXFileReference; fileEncoding = 4; lastKnownFileType = sourcecode.swift; path = LastTicketsView.swift; sourceTree = "<group>"; };
		BB2EAFE41E3A473100B314FB /* star_gold_256.png */ = {isa = PBXFileReference; lastKnownFileType = image.png; path = star_gold_256.png; sourceTree = "<group>"; };
		BB546ADA1E0C31AE006B189B /* TicketReaderApple.entitlements */ = {isa = PBXFileReference; lastKnownFileType = text.plist.entitlements; path = TicketReaderApple.entitlements; sourceTree = SOURCE_ROOT; };
		BB5621231E277C4D00650ABF /* NewRegistry.swift */ = {isa = PBXFileReference; fileEncoding = 4; lastKnownFileType = sourcecode.swift; path = NewRegistry.swift; sourceTree = "<group>"; };
		BB5621251E277C6C00650ABF /* NewConnection.swift */ = {isa = PBXFileReference; fileEncoding = 4; lastKnownFileType = sourcecode.swift; path = NewConnection.swift; sourceTree = "<group>"; };
		BB5717191E28E99600087334 /* icon_home.png */ = {isa = PBXFileReference; lastKnownFileType = image.png; path = icon_home.png; sourceTree = "<group>"; };
		BB5D1CC61E4485D8004A2581 /* radioButton selected.png */ = {isa = PBXFileReference; lastKnownFileType = image.png; path = "radioButton selected.png"; sourceTree = "<group>"; };
		BB5D1CC81E4485E6004A2581 /* empty-radiobutton-128.png */ = {isa = PBXFileReference; lastKnownFileType = image.png; path = "empty-radiobutton-128.png"; sourceTree = "<group>"; };
		BB5D74E31E4A457A007C9F95 /* Tag.swift */ = {isa = PBXFileReference; fileEncoding = 4; lastKnownFileType = sourcecode.swift; path = Tag.swift; sourceTree = "<group>"; };
		BB5EF3261E081EF40072A9DC /* GoogleService-Info.plist */ = {isa = PBXFileReference; fileEncoding = 4; lastKnownFileType = text.plist.xml; path = "GoogleService-Info.plist"; sourceTree = "<group>"; };
		BB65BFCC1E41E01100C3F94B /* FavTicketsList.swift */ = {isa = PBXFileReference; fileEncoding = 4; lastKnownFileType = sourcecode.swift; path = FavTicketsList.swift; sourceTree = "<group>"; };
		BB65BFCE1E41FF0100C3F94B /* Comercio.swift */ = {isa = PBXFileReference; fileEncoding = 4; lastKnownFileType = sourcecode.swift; path = Comercio.swift; sourceTree = "<group>"; };
		BB65BFD01E42005A00C3F94B /* StoreOfTicketsListView.swift */ = {isa = PBXFileReference; fileEncoding = 4; lastKnownFileType = sourcecode.swift; path = StoreOfTicketsListView.swift; sourceTree = "<group>"; };
		BB65BFD21E4210B900C3F94B /* SearchStoreTicketsListView.swift */ = {isa = PBXFileReference; fileEncoding = 4; lastKnownFileType = sourcecode.swift; path = SearchStoreTicketsListView.swift; sourceTree = "<group>"; };
		BB66AA401E432D4C00C7679C /* lupa-icono-3813-128.png */ = {isa = PBXFileReference; lastKnownFileType = image.png; path = "lupa-icono-3813-128.png"; sourceTree = "<group>"; };
		BB66AA421E4332E700C7679C /* 25985.png */ = {isa = PBXFileReference; lastKnownFileType = image.png; path = 25985.png; sourceTree = "<group>"; };
		BB66AA441E4337C500C7679C /* flechita.png */ = {isa = PBXFileReference; lastKnownFileType = image.png; path = flechita.png; sourceTree = "<group>"; };
		BB66AA461E433B4A00C7679C /* SearchComercio.swift */ = {isa = PBXFileReference; fileEncoding = 4; lastKnownFileType = sourcecode.swift; path = SearchComercio.swift; sourceTree = "<group>"; };
		BB6737EB1E26232C0069FDBA /* iTunesArtwork@2x.png */ = {isa = PBXFileReference; lastKnownFileType = image.png; path = "iTunesArtwork@2x.png"; sourceTree = "<group>"; };
		BB6737ED1E2624BE0069FDBA /* 29.png */ = {isa = PBXFileReference; lastKnownFileType = image.png; path = 29.png; sourceTree = "<group>"; };
		BB6737EF1E2624C90069FDBA /* 58.png */ = {isa = PBXFileReference; lastKnownFileType = image.png; path = 58.png; sourceTree = "<group>"; };
		BB6737F11E26251F0069FDBA /* 89.png */ = {isa = PBXFileReference; lastKnownFileType = image.png; path = 89.png; sourceTree = "<group>"; };
		BB6B61B81E0A97DD00F0F56A /* CameraViewController.swift */ = {isa = PBXFileReference; fileEncoding = 4; lastKnownFileType = sourcecode.swift; path = CameraViewController.swift; sourceTree = "<group>"; };
		BB6B61BA1E0AA52E00F0F56A /* CameraViewControllerLogin.swift */ = {isa = PBXFileReference; fileEncoding = 4; lastKnownFileType = sourcecode.swift; path = CameraViewControllerLogin.swift; sourceTree = "<group>"; };
		BB6C27FD1E38A7C6008693AB /* TabView.swift */ = {isa = PBXFileReference; fileEncoding = 4; lastKnownFileType = sourcecode.swift; path = TabView.swift; sourceTree = "<group>"; };
		BB6FE6781E4B85CC00181D6A /* Imagen1.png */ = {isa = PBXFileReference; lastKnownFileType = image.png; path = Imagen1.png; sourceTree = "<group>"; };
		BB6FE67A1E4B8ED800181D6A /* new.png */ = {isa = PBXFileReference; lastKnownFileType = image.png; path = new.png; sourceTree = "<group>"; };
		BB6FE67C1E4B8EE400181D6A /* Imagen1 copia.png */ = {isa = PBXFileReference; lastKnownFileType = image.png; path = "Imagen1 copia.png"; sourceTree = "<group>"; };
		BB6FE67E1E4B8EEF00181D6A /* Imagen1 copia 2.png */ = {isa = PBXFileReference; lastKnownFileType = image.png; path = "Imagen1 copia 2.png"; sourceTree = "<group>"; };
		BB6FE6801E4B987C00181D6A /* logo copia.png */ = {isa = PBXFileReference; lastKnownFileType = image.png; path = "logo copia.png"; sourceTree = "<group>"; };
		BB6FE6821E4B988900181D6A /* logo.png */ = {isa = PBXFileReference; lastKnownFileType = image.png; path = logo.png; sourceTree = "<group>"; };
		BB6FE6841E4B989400181D6A /* logo copia 2.png */ = {isa = PBXFileReference; lastKnownFileType = image.png; path = "logo copia 2.png"; sourceTree = "<group>"; };
		BB74793B1E48C39200843905 /* CityOfTicketsListView.swift */ = {isa = PBXFileReference; fileEncoding = 4; lastKnownFileType = sourcecode.swift; path = CityOfTicketsListView.swift; sourceTree = "<group>"; };
		BB74793D1E48C3AE00843905 /* ActivitiesOfTicketsListView.swift */ = {isa = PBXFileReference; fileEncoding = 4; lastKnownFileType = sourcecode.swift; path = ActivitiesOfTicketsListView.swift; sourceTree = "<group>"; };
		BB74793F1E48E32A00843905 /* Usuario.swift */ = {isa = PBXFileReference; fileEncoding = 4; lastKnownFileType = sourcecode.swift; path = Usuario.swift; sourceTree = "<group>"; };
		BB77EB841E003F0C00D6C9A7 /* white.gif */ = {isa = PBXFileReference; lastKnownFileType = image.gif; path = white.gif; sourceTree = "<group>"; };
		BB77EB861E003F3E00D6C9A7 /* checkboxD.png */ = {isa = PBXFileReference; lastKnownFileType = image.png; path = checkboxD.png; sourceTree = "<group>"; };
		BB77EB881E0045C500D6C9A7 /* camera.png */ = {isa = PBXFileReference; lastKnownFileType = image.png; path = camera.png; sourceTree = "<group>"; };
		BB7D74621E27A6200028C8EF /* ASCalendar.swift */ = {isa = PBXFileReference; fileEncoding = 4; lastKnownFileType = sourcecode.swift; name = ASCalendar.swift; path = Calendar/ASCalendar.swift; sourceTree = "<group>"; };
		BB7D74631E27A6200028C8EF /* ASCustomLayer.swift */ = {isa = PBXFileReference; fileEncoding = 4; lastKnownFileType = sourcecode.swift; name = ASCustomLayer.swift; path = Calendar/ASCustomLayer.swift; sourceTree = "<group>"; };
		BB7D74641E27A6200028C8EF /* ASCalendarV.swift */ = {isa = PBXFileReference; fileEncoding = 4; lastKnownFileType = sourcecode.swift; name = ASCalendarV.swift; path = Calendar/ASCalendarV.swift; sourceTree = "<group>"; };
		BB7D74651E27A6200028C8EF /* ASBodyV.swift */ = {isa = PBXFileReference; fileEncoding = 4; lastKnownFileType = sourcecode.swift; name = ASBodyV.swift; path = Calendar/ASBodyV.swift; sourceTree = "<group>"; };
		BB7D74661E27A6200028C8EF /* ASMonthV.swift */ = {isa = PBXFileReference; fileEncoding = 4; lastKnownFileType = sourcecode.swift; name = ASMonthV.swift; path = Calendar/ASMonthV.swift; sourceTree = "<group>"; };
		BB7D74671E27A6200028C8EF /* ASWeekV.swift */ = {isa = PBXFileReference; fileEncoding = 4; lastKnownFileType = sourcecode.swift; name = ASWeekV.swift; path = Calendar/ASWeekV.swift; sourceTree = "<group>"; };
		BB7D74681E27A6200028C8EF /* ASDayV.swift */ = {isa = PBXFileReference; fileEncoding = 4; lastKnownFileType = sourcecode.swift; name = ASDayV.swift; path = Calendar/ASDayV.swift; sourceTree = "<group>"; };
		BB7D746E1E27A6200028C8EF /* Dynamic.swift */ = {isa = PBXFileReference; fileEncoding = 4; lastKnownFileType = sourcecode.swift; name = Dynamic.swift; path = Calendar/Dynamic.swift; sourceTree = "<group>"; };
		BB7D746F1E27A6200028C8EF /* ASCalendarVM.swift */ = {isa = PBXFileReference; fileEncoding = 4; lastKnownFileType = sourcecode.swift; name = ASCalendarVM.swift; path = Calendar/ASCalendarVM.swift; sourceTree = "<group>"; };
		BB7D74701E27A6200028C8EF /* ASBodyVM.swift */ = {isa = PBXFileReference; fileEncoding = 4; lastKnownFileType = sourcecode.swift; name = ASBodyVM.swift; path = Calendar/ASBodyVM.swift; sourceTree = "<group>"; };
		BB7D74711E27A6200028C8EF /* ASMonthCellVM.swift */ = {isa = PBXFileReference; fileEncoding = 4; lastKnownFileType = sourcecode.swift; name = ASMonthCellVM.swift; path = Calendar/ASMonthCellVM.swift; sourceTree = "<group>"; };
		BB7D74721E27A6200028C8EF /* ASWeekVM.swift */ = {isa = PBXFileReference; fileEncoding = 4; lastKnownFileType = sourcecode.swift; name = ASWeekVM.swift; path = Calendar/ASWeekVM.swift; sourceTree = "<group>"; };
		BB7D74731E27A6200028C8EF /* ASDayVM.swift */ = {isa = PBXFileReference; fileEncoding = 4; lastKnownFileType = sourcecode.swift; name = ASDayVM.swift; path = Calendar/ASDayVM.swift; sourceTree = "<group>"; };
		BB7D74741E27A6200028C8EF /* ASThemeVM.swift */ = {isa = PBXFileReference; fileEncoding = 4; lastKnownFileType = sourcecode.swift; path = ASThemeVM.swift; sourceTree = "<group>"; };
		BB7D74761E27A6200028C8EF /* ASSettingsM.swift */ = {isa = PBXFileReference; fileEncoding = 4; lastKnownFileType = sourcecode.swift; name = ASSettingsM.swift; path = Calendar/ASSettingsM.swift; sourceTree = "<group>"; };
		BB7D74771E27A6200028C8EF /* ASMonthM.swift */ = {isa = PBXFileReference; fileEncoding = 4; lastKnownFileType = sourcecode.swift; name = ASMonthM.swift; path = Calendar/ASMonthM.swift; sourceTree = "<group>"; };
		BB7D74781E27A6200028C8EF /* ASCalendarNamesM.swift */ = {isa = PBXFileReference; fileEncoding = 4; lastKnownFileType = sourcecode.swift; name = ASCalendarNamesM.swift; path = Calendar/ASCalendarNamesM.swift; sourceTree = "<group>"; };
		BB7D74791E27A6200028C8EF /* ASWeekM.swift */ = {isa = PBXFileReference; fileEncoding = 4; lastKnownFileType = sourcecode.swift; name = ASWeekM.swift; path = Calendar/ASWeekM.swift; sourceTree = "<group>"; };
		BB7D747A1E27A6200028C8EF /* ASDayM.swift */ = {isa = PBXFileReference; fileEncoding = 4; lastKnownFileType = sourcecode.swift; name = ASDayM.swift; path = Calendar/ASDayM.swift; sourceTree = "<group>"; };
		BB7D74901E27A9EC0028C8EF /* calendarIcon.png */ = {isa = PBXFileReference; lastKnownFileType = image.png; path = calendarIcon.png; sourceTree = "<group>"; };
		BB7F5BD71E3F359200A03230 /* lupa-hi.png */ = {isa = PBXFileReference; lastKnownFileType = image.png; path = "lupa-hi.png"; sourceTree = "<group>"; };
		BB7F5BD91E3F362B00A03230 /* preferencias-del-sistema.png */ = {isa = PBXFileReference; lastKnownFileType = image.png; path = "preferencias-del-sistema.png"; sourceTree = "<group>"; };
		BB7F5BDB1E3F392F00A03230 /* ticketLast.png */ = {isa = PBXFileReference; lastKnownFileType = image.png; path = ticketLast.png; sourceTree = "<group>"; };
		BB7F5BDD1E3F41FB00A03230 /* maintenance_256.png */ = {isa = PBXFileReference; lastKnownFileType = image.png; path = maintenance_256.png; sourceTree = "<group>"; };
		BB7F5BDF1E3F444C00A03230 /* 472.png */ = {isa = PBXFileReference; lastKnownFileType = image.png; path = 472.png; sourceTree = "<group>"; };
		BB7F5BE11E3F45AC00A03230 /* chat-20.png */ = {isa = PBXFileReference; lastKnownFileType = image.png; path = "chat-20.png"; sourceTree = "<group>"; };
		BB7F5BE51E3F462F00A03230 /* ambiente-recielpuente.png */ = {isa = PBXFileReference; lastKnownFileType = image.png; path = "ambiente-recielpuente.png"; sourceTree = "<group>"; };
		BB7F5BE71E3F4A5800A03230 /* icono.flecha.izquierda.png */ = {isa = PBXFileReference; lastKnownFileType = image.png; path = icono.flecha.izquierda.png; sourceTree = "<group>"; };
		BB7F5BE91E3F531F00A03230 /* CameraViewControllerTags.swift */ = {isa = PBXFileReference; fileEncoding = 4; lastKnownFileType = sourcecode.swift; path = CameraViewControllerTags.swift; sourceTree = "<group>"; };
		BB7F5BEB1E3F6B1800A03230 /* UpdatePassword.swift */ = {isa = PBXFileReference; fileEncoding = 4; lastKnownFileType = sourcecode.swift; path = UpdatePassword.swift; sourceTree = "<group>"; };
		BB7F5BED1E3F9A8C00A03230 /* fav.png */ = {isa = PBXFileReference; lastKnownFileType = image.png; path = fav.png; sourceTree = "<group>"; };
		BB7F5BEF1E3F9CA700A03230 /* 34564.png */ = {isa = PBXFileReference; lastKnownFileType = image.png; path = 34564.png; sourceTree = "<group>"; };
		BB7F5BF11E3F9DB200A03230 /* arrow-back-128.png */ = {isa = PBXFileReference; lastKnownFileType = image.png; path = "arrow-back-128.png"; sourceTree = "<group>"; };
		BB8785221DFECD0A003A7F76 /* PageViewControllerSearch.swift */ = {isa = PBXFileReference; fileEncoding = 4; lastKnownFileType = sourcecode.swift; path = PageViewControllerSearch.swift; sourceTree = "<group>"; };
		BB8785261DFEE887003A7F76 /* menu icon.png */ = {isa = PBXFileReference; lastKnownFileType = image.png; name = "menu icon.png"; path = "sideBarMenuNav/menu icon.png"; sourceTree = "<group>"; };
		BB8785281DFEE980003A7F76 /* menuP.png */ = {isa = PBXFileReference; lastKnownFileType = image.png; name = menuP.png; path = sideBarMenuNav/menuP.png; sourceTree = "<group>"; };
		BB87852A1DFEE9F7003A7F76 /* menuD.png */ = {isa = PBXFileReference; lastKnownFileType = image.png; name = menuD.png; path = sideBarMenuNav/menuD.png; sourceTree = "<group>"; };
		BB87852C1DFEEA46003A7F76 /* menu.png */ = {isa = PBXFileReference; lastKnownFileType = image.png; name = menu.png; path = sideBarMenuNav/menu.png; sourceTree = "<group>"; };
		BB87852E1DFEEC9B003A7F76 /* TICKETS-NOW.png */ = {isa = PBXFileReference; lastKnownFileType = image.png; name = "TICKETS-NOW.png"; path = "sideBarMenuNav/TICKETS-NOW.png"; sourceTree = "<group>"; };
		BB8785311DFEF93D003A7F76 /* Presentation.swift */ = {isa = PBXFileReference; fileEncoding = 4; lastKnownFileType = sourcecode.swift; path = Presentation.swift; sourceTree = "<group>"; };
		BB8785331DFF1507003A7F76 /* Registro.swift */ = {isa = PBXFileReference; fileEncoding = 4; lastKnownFileType = sourcecode.swift; path = Registro.swift; sourceTree = "<group>"; };
		BB8785351DFF165D003A7F76 /* checkbox.gif */ = {isa = PBXFileReference; lastKnownFileType = image.gif; path = checkbox.gif; sourceTree = "<group>"; };
		BB8785371DFF17C9003A7F76 /* selected.png */ = {isa = PBXFileReference; lastKnownFileType = image.png; path = selected.png; sourceTree = "<group>"; };
		BB88D5581E018BFB0051F231 /* Login.swift */ = {isa = PBXFileReference; fileEncoding = 4; lastKnownFileType = sourcecode.swift; path = Login.swift; sourceTree = "<group>"; };
		BBB8F08E1E3796E20089EFDB /* DashboardTabBarController.swift */ = {isa = PBXFileReference; fileEncoding = 4; lastKnownFileType = sourcecode.swift; path = DashboardTabBarController.swift; sourceTree = "<group>"; };
		BBD28C721DF5B60400246AEF /* TicketReaderApple.app */ = {isa = PBXFileReference; explicitFileType = wrapper.application; includeInIndex = 0; path = TicketReaderApple.app; sourceTree = BUILT_PRODUCTS_DIR; };
		BBD28C751DF5B60400246AEF /* AppDelegate.swift */ = {isa = PBXFileReference; lastKnownFileType = sourcecode.swift; path = AppDelegate.swift; sourceTree = "<group>"; };
		BBD28C7A1DF5B60400246AEF /* Base */ = {isa = PBXFileReference; lastKnownFileType = file.storyboard; name = Base; path = Base.lproj/Main.storyboard; sourceTree = "<group>"; };
		BBD28C7C1DF5B60400246AEF /* Assets.xcassets */ = {isa = PBXFileReference; lastKnownFileType = folder.assetcatalog; path = Assets.xcassets; sourceTree = "<group>"; };
		BBD28C7F1DF5B60400246AEF /* Base */ = {isa = PBXFileReference; lastKnownFileType = file.storyboard; name = Base; path = Base.lproj/LaunchScreen.storyboard; sourceTree = "<group>"; };
		BBD28C811DF5B60400246AEF /* Info.plist */ = {isa = PBXFileReference; lastKnownFileType = text.plist.xml; path = Info.plist; sourceTree = "<group>"; };
		BBD28C861DF5B60400246AEF /* TicketReaderAppleTests.xctest */ = {isa = PBXFileReference; explicitFileType = wrapper.cfbundle; includeInIndex = 0; path = TicketReaderAppleTests.xctest; sourceTree = BUILT_PRODUCTS_DIR; };
		BBD28C911DF5B60400246AEF /* TicketReaderAppleUITests.xctest */ = {isa = PBXFileReference; explicitFileType = wrapper.cfbundle; includeInIndex = 0; path = TicketReaderAppleUITests.xctest; sourceTree = BUILT_PRODUCTS_DIR; };
		BBD28CA41DF5B77000246AEF /* sideBarMenuNav-Bridging-Header.h */ = {isa = PBXFileReference; lastKnownFileType = sourcecode.c.h; path = "sideBarMenuNav-Bridging-Header.h"; sourceTree = "<group>"; };
		BBD28CA51DF5B77100246AEF /* SWRevealViewController.h */ = {isa = PBXFileReference; fileEncoding = 4; lastKnownFileType = sourcecode.c.h; path = SWRevealViewController.h; sourceTree = "<group>"; };
		BBD28CA61DF5B77100246AEF /* SWRevealViewController.m */ = {isa = PBXFileReference; fileEncoding = 4; lastKnownFileType = sourcecode.c.objc; path = SWRevealViewController.m; sourceTree = "<group>"; };
		BBD28CA81DF5C13300246AEF /* Busqueda.swift */ = {isa = PBXFileReference; fileEncoding = 4; lastKnownFileType = sourcecode.swift; name = Busqueda.swift; path = ../Busqueda.swift; sourceTree = "<group>"; };
		BBD28CAC1DF5C5EE00246AEF /* EditUser.swift */ = {isa = PBXFileReference; fileEncoding = 4; lastKnownFileType = sourcecode.swift; path = EditUser.swift; sourceTree = "<group>"; };
		BBD28CAE1DF5C7AE00246AEF /* PageViewController.swift */ = {isa = PBXFileReference; fileEncoding = 4; lastKnownFileType = sourcecode.swift; path = PageViewController.swift; sourceTree = "<group>"; };
		BBD28CB01DF5C7F000246AEF /* TicketConstant.swift */ = {isa = PBXFileReference; fileEncoding = 4; lastKnownFileType = sourcecode.swift; path = TicketConstant.swift; sourceTree = "<group>"; };
		BBD28CB21DF5C80B00246AEF /* Ticket.swift */ = {isa = PBXFileReference; fileEncoding = 4; lastKnownFileType = sourcecode.swift; path = Ticket.swift; sourceTree = "<group>"; };
		BBD28CB41DF5C84600246AEF /* CardViewController.swift */ = {isa = PBXFileReference; fileEncoding = 4; lastKnownFileType = sourcecode.swift; path = CardViewController.swift; sourceTree = "<group>"; };
		BBD28CB61DF5C87600246AEF /* TicketWebServer.swift */ = {isa = PBXFileReference; fileEncoding = 4; lastKnownFileType = sourcecode.swift; path = TicketWebServer.swift; sourceTree = "<group>"; };
		BBD28CB81DF5C8FE00246AEF /* ViewControllerProvider.swift */ = {isa = PBXFileReference; fileEncoding = 4; lastKnownFileType = sourcecode.swift; path = ViewControllerProvider.swift; sourceTree = "<group>"; };
		BBD438D51DF8230200386B7A /* TicketList.swift */ = {isa = PBXFileReference; fileEncoding = 4; lastKnownFileType = sourcecode.swift; path = TicketList.swift; sourceTree = "<group>"; };
		BBEC7EE71E44AA990085B906 /* Activities.swift */ = {isa = PBXFileReference; fileEncoding = 4; lastKnownFileType = sourcecode.swift; path = Activities.swift; sourceTree = "<group>"; };
		BBEC7EE91E44AAAC0085B906 /* City.swift */ = {isa = PBXFileReference; fileEncoding = 4; lastKnownFileType = sourcecode.swift; path = City.swift; sourceTree = "<group>"; };
		CF104A8F438B11B3183B7895 /* Pods_TicketReaderApple.framework */ = {isa = PBXFileReference; explicitFileType = wrapper.framework; includeInIndex = 0; path = Pods_TicketReaderApple.framework; sourceTree = BUILT_PRODUCTS_DIR; };
		EB141F641EC3682500022703 /* degradedNew.png */ = {isa = PBXFileReference; lastKnownFileType = image.png; path = degradedNew.png; sourceTree = "<group>"; };
		EB3C83641EC24B8F007AC9DD /* selectedTiCloud.PNG */ = {isa = PBXFileReference; lastKnownFileType = image.png; path = selectedTiCloud.PNG; sourceTree = "<group>"; };
		EB3C83661EC24BD1007AC9DD /* 1.png */ = {isa = PBXFileReference; lastKnownFileType = image.png; path = 1.png; sourceTree = "<group>"; };
		EB3C83671EC24BD1007AC9DD /* 3.png */ = {isa = PBXFileReference; lastKnownFileType = image.png; path = 3.png; sourceTree = "<group>"; };
		EB3C83681EC24BD1007AC9DD /* 4.png */ = {isa = PBXFileReference; lastKnownFileType = image.png; path = 4.png; sourceTree = "<group>"; };
		EB3C83691EC24BD1007AC9DD /* 11.png */ = {isa = PBXFileReference; lastKnownFileType = image.png; path = 11.png; sourceTree = "<group>"; };
		EB3C836A1EC24BD1007AC9DD /* 33.png */ = {isa = PBXFileReference; lastKnownFileType = image.png; path = 33.png; sourceTree = "<group>"; };
		EB3C836B1EC24BD1007AC9DD /* 44.png */ = {isa = PBXFileReference; lastKnownFileType = image.png; path = 44.png; sourceTree = "<group>"; };
		EB3C836C1EC24BD1007AC9DD /* ajustes.png */ = {isa = PBXFileReference; lastKnownFileType = image.png; path = ajustes.png; sourceTree = "<group>"; };
		EB3C836D1EC24BD1007AC9DD /* bolsa.png */ = {isa = PBXFileReference; lastKnownFileType = image.png; path = bolsa.png; sourceTree = "<group>"; };
		EB3C836E1EC24BD1007AC9DD /* ButtonAccount.png */ = {isa = PBXFileReference; lastKnownFileType = image.png; path = ButtonAccount.png; sourceTree = "<group>"; };
		EB3C836F1EC24BD1007AC9DD /* buttonEditUserEmpty.png */ = {isa = PBXFileReference; lastKnownFileType = image.png; path = buttonEditUserEmpty.png; sourceTree = "<group>"; };
		EB3C83701EC24BD1007AC9DD /* calendar_green.png */ = {isa = PBXFileReference; lastKnownFileType = image.png; path = calendar_green.png; sourceTree = "<group>"; };
		EB3C83711EC24BD1007AC9DD /* calendar_search_ticket.png */ = {isa = PBXFileReference; lastKnownFileType = image.png; path = calendar_search_ticket.png; sourceTree = "<group>"; };
		EB3C83721EC24BD1007AC9DD /* close-button-png-27.png */ = {isa = PBXFileReference; lastKnownFileType = image.png; path = "close-button-png-27.png"; sourceTree = "<group>"; };
		EB3C83731EC24BD1007AC9DD /* cuenta.png */ = {isa = PBXFileReference; lastKnownFileType = image.png; path = cuenta.png; sourceTree = "<group>"; };
		EB3C83741EC24BD1007AC9DD /* degraded.png */ = {isa = PBXFileReference; lastKnownFileType = image.png; path = degraded.png; sourceTree = "<group>"; };
		EB3C83751EC24BD1007AC9DD /* favbueno.png */ = {isa = PBXFileReference; lastKnownFileType = image.png; path = favbueno.png; sourceTree = "<group>"; };
		EB3C83761EC24BD1007AC9DD /* favListIcon.png */ = {isa = PBXFileReference; lastKnownFileType = image.png; path = favListIcon.png; sourceTree = "<group>"; };
		EB3C83771EC24BD1007AC9DD /* flecha_edit_text.png */ = {isa = PBXFileReference; lastKnownFileType = image.png; path = flecha_edit_text.png; sourceTree = "<group>"; };
		EB3C83781EC24BD1007AC9DD /* flechalisticket.png */ = {isa = PBXFileReference; lastKnownFileType = image.png; path = flechalisticket.png; sourceTree = "<group>"; };
		EB3C83791EC24BD1007AC9DD /* flechalisticketSearch.png */ = {isa = PBXFileReference; lastKnownFileType = image.png; path = flechalisticketSearch.png; sourceTree = "<group>"; };
		EB3C837A1EC24BD1007AC9DD /* grande.png */ = {isa = PBXFileReference; lastKnownFileType = image.png; path = grande.png; sourceTree = "<group>"; };
		EB3C837B1EC24BD1007AC9DD /* icono-chatarreria-medio-ambiente-recielpuente.png */ = {isa = PBXFileReference; lastKnownFileType = image.png; path = "icono-chatarreria-medio-ambiente-recielpuente.png"; sourceTree = "<group>"; };
		EB3C837C1EC24BD1007AC9DD /* info.png */ = {isa = PBXFileReference; lastKnownFileType = image.png; path = info.png; sourceTree = "<group>"; };
		EB3C837D1EC24BD1007AC9DD /* logo_listado.png */ = {isa = PBXFileReference; lastKnownFileType = image.png; path = logo_listado.png; sourceTree = "<group>"; };
		EB3C837E1EC24BD1007AC9DD /* logo_ticloud.png */ = {isa = PBXFileReference; lastKnownFileType = image.png; path = logo_ticloud.png; sourceTree = "<group>"; };
		EB3C837F1EC24BD1007AC9DD /* lupaD.png */ = {isa = PBXFileReference; lastKnownFileType = image.png; path = lupaD.png; sourceTree = "<group>"; };
		EB3C83801EC24BD1007AC9DD /* medioambiente.png */ = {isa = PBXFileReference; lastKnownFileType = image.png; path = medioambiente.png; sourceTree = "<group>"; };
		EB3C83811EC24BD1007AC9DD /* nfc.png */ = {isa = PBXFileReference; lastKnownFileType = image.png; path = nfc.png; sourceTree = "<group>"; };
		EB3C83821EC24BD1007AC9DD /* no_check_trans.png */ = {isa = PBXFileReference; lastKnownFileType = image.png; path = no_check_trans.png; sourceTree = "<group>"; };
		EB3C83831EC24BD1007AC9DD /* no_check.PNG */ = {isa = PBXFileReference; lastKnownFileType = image.png; path = no_check.PNG; sourceTree = "<group>"; };
		EB3C83841EC24BD1007AC9DD /* no_checkTiCloud.PNG */ = {isa = PBXFileReference; lastKnownFileType = image.png; path = no_checkTiCloud.PNG; sourceTree = "<group>"; };
		EB3C83851EC24BD1007AC9DD /* power-icon.png */ = {isa = PBXFileReference; lastKnownFileType = image.png; path = "power-icon.png"; sourceTree = "<group>"; };
		EB3C83861EC24BD1007AC9DD /* quienes_somos.png */ = {isa = PBXFileReference; lastKnownFileType = image.png; path = quienes_somos.png; sourceTree = "<group>"; };
		EB3C83871EC24BD1007AC9DD /* rButtonAccount.png */ = {isa = PBXFileReference; lastKnownFileType = image.png; path = rButtonAccount.png; sourceTree = "<group>"; };
		EB3C83881EC24BD1007AC9DD /* selected_trans.png */ = {isa = PBXFileReference; lastKnownFileType = image.png; path = selected_trans.png; sourceTree = "<group>"; };
		EB3C83891EC24BD1007AC9DD /* ticket-icon-64996.png */ = {isa = PBXFileReference; lastKnownFileType = image.png; path = "ticket-icon-64996.png"; sourceTree = "<group>"; };
		EB3C83AE1EC24C39007AC9DD /* listado.png */ = {isa = PBXFileReference; lastKnownFileType = image.png; path = listado.png; sourceTree = "<group>"; };
		EB3C83B01EC24C59007AC9DD /* logo_login.png */ = {isa = PBXFileReference; lastKnownFileType = image.png; path = logo_login.png; sourceTree = "<group>"; };
		EB3C83B21EC24C7D007AC9DD /* arrow_right.png */ = {isa = PBXFileReference; lastKnownFileType = image.png; path = arrow_right.png; sourceTree = "<group>"; };
		EB3C83B41EC24CE6007AC9DD /* camera_icon_post.png */ = {isa = PBXFileReference; lastKnownFileType = image.png; path = camera_icon_post.png; sourceTree = "<group>"; };
		EB3C83B51EC24CE6007AC9DD /* candado.png */ = {isa = PBXFileReference; lastKnownFileType = image.png; path = candado.png; sourceTree = "<group>"; };
		EB3C83B61EC24CE6007AC9DD /* email.png */ = {isa = PBXFileReference; lastKnownFileType = image.png; path = email.png; sourceTree = "<group>"; };
		EB3C83B71EC24CE6007AC9DD /* radio_button_off_grey_192x192.png */ = {isa = PBXFileReference; lastKnownFileType = image.png; path = radio_button_off_grey_192x192.png; sourceTree = "<group>"; };
		EB3C83B81EC24CE6007AC9DD /* radio_button_on_grey_192x192.png */ = {isa = PBXFileReference; lastKnownFileType = image.png; path = radio_button_on_grey_192x192.png; sourceTree = "<group>"; };
		EB3C83B91EC24CE6007AC9DD /* rButtonEmpty.png */ = {isa = PBXFileReference; lastKnownFileType = image.png; path = rButtonEmpty.png; sourceTree = "<group>"; };
		EB3C83BA1EC24CE6007AC9DD /* rButtonSelected.png */ = {isa = PBXFileReference; lastKnownFileType = image.png; path = rButtonSelected.png; sourceTree = "<group>"; };
		FA43570F1540C54B6FD606FA /* Pods-TicketReaderAppleUITests.debug.xcconfig */ = {isa = PBXFileReference; includeInIndex = 1; lastKnownFileType = text.xcconfig; name = "Pods-TicketReaderAppleUITests.debug.xcconfig"; path = "Pods/Target Support Files/Pods-TicketReaderAppleUITests/Pods-TicketReaderAppleUITests.debug.xcconfig"; sourceTree = "<group>"; };
/* End PBXFileReference section */

/* Begin PBXFrameworksBuildPhase section */
		BBD28C6F1DF5B60400246AEF /* Frameworks */ = {
			isa = PBXFrameworksBuildPhase;
			buildActionMask = 2147483647;
			files = (
				0BC848BFEF4490F9E7AE5467 /* Pods_TicketReaderApple.framework in Frameworks */,
			);
			runOnlyForDeploymentPostprocessing = 0;
		};
		BBD28C831DF5B60400246AEF /* Frameworks */ = {
			isa = PBXFrameworksBuildPhase;
			buildActionMask = 2147483647;
			files = (
				B3CE13F6AB27B5EC5E4ECBD4 /* Pods_TicketReaderAppleTests.framework in Frameworks */,
			);
			runOnlyForDeploymentPostprocessing = 0;
		};
		BBD28C8E1DF5B60400246AEF /* Frameworks */ = {
			isa = PBXFrameworksBuildPhase;
			buildActionMask = 2147483647;
			files = (
				0F1321742819B78CE5DDEE99 /* Pods_TicketReaderAppleUITests.framework in Frameworks */,
			);
			runOnlyForDeploymentPostprocessing = 0;
		};
/* End PBXFrameworksBuildPhase section */

/* Begin PBXGroup section */
		4184B8D6DF92E49B16478155 /* Pods */ = {
			isa = PBXGroup;
			children = (
				27F707F3B042DF7D2ACD3ACD /* Pods-TicketReaderApple.debug.xcconfig */,
				5B1525E441B15FDE5647FCC1 /* Pods-TicketReaderApple.release.xcconfig */,
				55087D3BBBDDB46ED91CE0CC /* Pods-TicketReaderAppleTests.debug.xcconfig */,
				5C565D1E6F6C3242367A7054 /* Pods-TicketReaderAppleTests.release.xcconfig */,
				FA43570F1540C54B6FD606FA /* Pods-TicketReaderAppleUITests.debug.xcconfig */,
				15422519EB96C13670F8BF55 /* Pods-TicketReaderAppleUITests.release.xcconfig */,
			);
			name = Pods;
			sourceTree = "<group>";
		};
		78BE481A601C51C8D7124E7D /* Frameworks */ = {
			isa = PBXGroup;
			children = (
				CF104A8F438B11B3183B7895 /* Pods_TicketReaderApple.framework */,
				A197ACFFFB5C0018BD6C3ADB /* Pods_TicketReaderAppleTests.framework */,
				28A7F1C7A5F4ED51BAEFFCA4 /* Pods_TicketReaderAppleUITests.framework */,
			);
			name = Frameworks;
			sourceTree = "<group>";
		};
		BB7D74691E27A6200028C8EF /* day (box) */ = {
			isa = PBXGroup;
			children = (
				BB7D74681E27A6200028C8EF /* ASDayV.swift */,
			);
			name = "day (box)";
			sourceTree = "<group>";
		};
		BB7D746A1E27A6200028C8EF /* week (row) */ = {
			isa = PBXGroup;
			children = (
				BB7D74671E27A6200028C8EF /* ASWeekV.swift */,
				BB7D74691E27A6200028C8EF /* day (box) */,
			);
			name = "week (row)";
			sourceTree = "<group>";
		};
		BB7D746B1E27A6200028C8EF /* month (box) */ = {
			isa = PBXGroup;
			children = (
				BB7D74661E27A6200028C8EF /* ASMonthV.swift */,
				BB7D746A1E27A6200028C8EF /* week (row) */,
			);
			name = "month (box)";
			sourceTree = "<group>";
		};
		BB7D746C1E27A6200028C8EF /* body */ = {
			isa = PBXGroup;
			children = (
				BB7D74651E27A6200028C8EF /* ASBodyV.swift */,
				BB7D746B1E27A6200028C8EF /* month (box) */,
			);
			name = body;
			sourceTree = "<group>";
		};
		BB7D746D1E27A6200028C8EF /* V */ = {
			isa = PBXGroup;
			children = (
				BB7D74641E27A6200028C8EF /* ASCalendarV.swift */,
				BB7D746C1E27A6200028C8EF /* body */,
			);
			name = V;
			sourceTree = "<group>";
		};
		BB7D74751E27A6200028C8EF /* VM */ = {
			isa = PBXGroup;
			children = (
				BB7D746E1E27A6200028C8EF /* Dynamic.swift */,
				BB7D746F1E27A6200028C8EF /* ASCalendarVM.swift */,
				BB7D74701E27A6200028C8EF /* ASBodyVM.swift */,
				BB7D74711E27A6200028C8EF /* ASMonthCellVM.swift */,
				BB7D74721E27A6200028C8EF /* ASWeekVM.swift */,
				BB7D74731E27A6200028C8EF /* ASDayVM.swift */,
				BB7D74741E27A6200028C8EF /* ASThemeVM.swift */,
			);
			name = VM;
			sourceTree = "<group>";
		};
		BB7D747B1E27A6200028C8EF /* M */ = {
			isa = PBXGroup;
			children = (
				BB7D74761E27A6200028C8EF /* ASSettingsM.swift */,
				BB7D74771E27A6200028C8EF /* ASMonthM.swift */,
				BB7D74781E27A6200028C8EF /* ASCalendarNamesM.swift */,
				BB7D74791E27A6200028C8EF /* ASWeekM.swift */,
				BB7D747A1E27A6200028C8EF /* ASDayM.swift */,
			);
			name = M;
			sourceTree = "<group>";
		};
		BB7D747C1E27A6200028C8EF /* Calendar */ = {
			isa = PBXGroup;
			children = (
				BB7D74621E27A6200028C8EF /* ASCalendar.swift */,
				BB7D74631E27A6200028C8EF /* ASCustomLayer.swift */,
				BB7D746D1E27A6200028C8EF /* V */,
				BB7D74751E27A6200028C8EF /* VM */,
				BB7D747B1E27A6200028C8EF /* M */,
			);
			name = Calendar;
			path = "../../Downloads/ASCalendar-master-4/Example";
			sourceTree = "<group>";
		};
		BB8785301DFEF26C003A7F76 /* Images */ = {
			isa = PBXGroup;
			children = (
				EB141F641EC3682500022703 /* degradedNew.png */,
				EB3C83B41EC24CE6007AC9DD /* camera_icon_post.png */,
				EB3C83B51EC24CE6007AC9DD /* candado.png */,
				EB3C83B61EC24CE6007AC9DD /* email.png */,
				EB3C83B71EC24CE6007AC9DD /* radio_button_off_grey_192x192.png */,
				EB3C83B81EC24CE6007AC9DD /* radio_button_on_grey_192x192.png */,
				EB3C83B91EC24CE6007AC9DD /* rButtonEmpty.png */,
				EB3C83BA1EC24CE6007AC9DD /* rButtonSelected.png */,
				EB3C83B21EC24C7D007AC9DD /* arrow_right.png */,
				EB3C83B01EC24C59007AC9DD /* logo_login.png */,
				EB3C83AE1EC24C39007AC9DD /* listado.png */,
				EB3C83661EC24BD1007AC9DD /* 1.png */,
				EB3C83671EC24BD1007AC9DD /* 3.png */,
				EB3C83681EC24BD1007AC9DD /* 4.png */,
				EB3C83691EC24BD1007AC9DD /* 11.png */,
				EB3C836A1EC24BD1007AC9DD /* 33.png */,
				EB3C836B1EC24BD1007AC9DD /* 44.png */,
				EB3C836C1EC24BD1007AC9DD /* ajustes.png */,
				EB3C836D1EC24BD1007AC9DD /* bolsa.png */,
				EB3C836E1EC24BD1007AC9DD /* ButtonAccount.png */,
				EB3C836F1EC24BD1007AC9DD /* buttonEditUserEmpty.png */,
				EB3C83701EC24BD1007AC9DD /* calendar_green.png */,
				EB3C83711EC24BD1007AC9DD /* calendar_search_ticket.png */,
				EB3C83721EC24BD1007AC9DD /* close-button-png-27.png */,
				EB3C83731EC24BD1007AC9DD /* cuenta.png */,
				EB3C83741EC24BD1007AC9DD /* degraded.png */,
				EB3C83751EC24BD1007AC9DD /* favbueno.png */,
				EB3C83761EC24BD1007AC9DD /* favListIcon.png */,
				EB3C83771EC24BD1007AC9DD /* flecha_edit_text.png */,
				EB3C83781EC24BD1007AC9DD /* flechalisticket.png */,
				EB3C83791EC24BD1007AC9DD /* flechalisticketSearch.png */,
				EB3C837A1EC24BD1007AC9DD /* grande.png */,
				EB3C837B1EC24BD1007AC9DD /* icono-chatarreria-medio-ambiente-recielpuente.png */,
				EB3C837C1EC24BD1007AC9DD /* info.png */,
				EB3C837D1EC24BD1007AC9DD /* logo_listado.png */,
				EB3C837E1EC24BD1007AC9DD /* logo_ticloud.png */,
				EB3C837F1EC24BD1007AC9DD /* lupaD.png */,
				EB3C83801EC24BD1007AC9DD /* medioambiente.png */,
				EB3C83811EC24BD1007AC9DD /* nfc.png */,
				EB3C83821EC24BD1007AC9DD /* no_check_trans.png */,
				EB3C83831EC24BD1007AC9DD /* no_check.PNG */,
				EB3C83841EC24BD1007AC9DD /* no_checkTiCloud.PNG */,
				EB3C83851EC24BD1007AC9DD /* power-icon.png */,
				EB3C83861EC24BD1007AC9DD /* quienes_somos.png */,
				EB3C83871EC24BD1007AC9DD /* rButtonAccount.png */,
				EB3C83881EC24BD1007AC9DD /* selected_trans.png */,
				EB3C83891EC24BD1007AC9DD /* ticket-icon-64996.png */,
				EB3C83641EC24B8F007AC9DD /* selectedTiCloud.PNG */,
				BB8785281DFEE980003A7F76 /* menuP.png */,
				BB87852E1DFEEC9B003A7F76 /* TICKETS-NOW.png */,
				BB87852C1DFEEA46003A7F76 /* menu.png */,
				BB8785351DFF165D003A7F76 /* checkbox.gif */,
				BB6737EB1E26232C0069FDBA /* iTunesArtwork@2x.png */,
				BB6737ED1E2624BE0069FDBA /* 29.png */,
				BB6737EF1E2624C90069FDBA /* 58.png */,
				BB5D1CC61E4485D8004A2581 /* radioButton selected.png */,
				BB6FE6821E4B988900181D6A /* logo.png */,
				BB6737F11E26251F0069FDBA /* 89.png */,
				BB1E6B9A1E37A5850084347A /* person.png */,
				BB7F5BDF1E3F444C00A03230 /* 472.png */,
				BB7F5BF11E3F9DB200A03230 /* arrow-back-128.png */,
				BB1E6B9C1E37A6620084347A /* p.png */,
				BB6FE6801E4B987C00181D6A /* logo copia.png */,
				BB66AA401E432D4C00C7679C /* lupa-icono-3813-128.png */,
				BB6FE67A1E4B8ED800181D6A /* new.png */,
				BB6FE6781E4B85CC00181D6A /* Imagen1.png */,
				BB5D1CC81E4485E6004A2581 /* empty-radiobutton-128.png */,
				BB5717191E28E99600087334 /* icon_home.png */,
				BB77EB881E0045C500D6C9A7 /* camera.png */,
				BB7F5BD91E3F362B00A03230 /* preferencias-del-sistema.png */,
				BB6FE67C1E4B8EE400181D6A /* Imagen1 copia.png */,
				BB1E6B981E37A4070084347A /* 58 3.png */,
				BB6FE6841E4B989400181D6A /* logo copia 2.png */,
				BB66AA421E4332E700C7679C /* 25985.png */,
				BB7F5BE11E3F45AC00A03230 /* chat-20.png */,
				BB1E6B961E37A3930084347A /* 58 2.png */,
				BB6FE67E1E4B8EEF00181D6A /* Imagen1 copia 2.png */,
				BB77EB841E003F0C00D6C9A7 /* white.gif */,
				BB66AA441E4337C500C7679C /* flechita.png */,
				BB7F5BDD1E3F41FB00A03230 /* maintenance_256.png */,
				BB7F5BE51E3F462F00A03230 /* ambiente-recielpuente.png */,
				BB7F5BEF1E3F9CA700A03230 /* 34564.png */,
				BB7F5BDB1E3F392F00A03230 /* ticketLast.png */,
				BB77EB861E003F3E00D6C9A7 /* checkboxD.png */,
				BB7F5BE71E3F4A5800A03230 /* icono.flecha.izquierda.png */,
				BB8785371DFF17C9003A7F76 /* selected.png */,
				BB2EAFE41E3A473100B314FB /* star_gold_256.png */,
				BB7F5BED1E3F9A8C00A03230 /* fav.png */,
				BB1E6B9E1E37A7700084347A /* 3d6cfa22852.png */,
				BB7F5BD71E3F359200A03230 /* lupa-hi.png */,
				BB7D74901E27A9EC0028C8EF /* calendarIcon.png */,
				BB87852A1DFEE9F7003A7F76 /* menuD.png */,
				BB8785261DFEE887003A7F76 /* menu icon.png */,
			);
			name = Images;
			sourceTree = "<group>";
		};
		BBD28C691DF5B60400246AEF = {
			isa = PBXGroup;
			children = (
				BB7D747C1E27A6200028C8EF /* Calendar */,
				BB5EF3261E081EF40072A9DC /* GoogleService-Info.plist */,
				BB8785301DFEF26C003A7F76 /* Images */,
				BBD28C741DF5B60400246AEF /* TicketReaderApple */,
				BBD28C731DF5B60400246AEF /* Products */,
				4184B8D6DF92E49B16478155 /* Pods */,
				78BE481A601C51C8D7124E7D /* Frameworks */,
			);
			sourceTree = "<group>";
		};
		BBD28C731DF5B60400246AEF /* Products */ = {
			isa = PBXGroup;
			children = (
				BBD28C721DF5B60400246AEF /* TicketReaderApple.app */,
				BBD28C861DF5B60400246AEF /* TicketReaderAppleTests.xctest */,
				BBD28C911DF5B60400246AEF /* TicketReaderAppleUITests.xctest */,
			);
			name = Products;
			sourceTree = "<group>";
		};
		BBD28C741DF5B60400246AEF /* TicketReaderApple */ = {
			isa = PBXGroup;
			children = (
				BB546ADA1E0C31AE006B189B /* TicketReaderApple.entitlements */,
				BBD28CA31DF5B61600246AEF /* SWRevealViewController */,
				BBD28C751DF5B60400246AEF /* AppDelegate.swift */,
				BBD28CA81DF5C13300246AEF /* Busqueda.swift */,
				BBD28CAC1DF5C5EE00246AEF /* EditUser.swift */,
				BBD28C791DF5B60400246AEF /* Main.storyboard */,
				BBB8F08E1E3796E20089EFDB /* DashboardTabBarController.swift */,
				BB5621231E277C4D00650ABF /* NewRegistry.swift */,
				BB5621251E277C6C00650ABF /* NewConnection.swift */,
				BBD28C7C1DF5B60400246AEF /* Assets.xcassets */,
				BBD28C7E1DF5B60400246AEF /* LaunchScreen.storyboard */,
				BBD28C811DF5B60400246AEF /* Info.plist */,
				BBD28CAE1DF5C7AE00246AEF /* PageViewController.swift */,
				BBD28CB01DF5C7F000246AEF /* TicketConstant.swift */,
				BBD28CB21DF5C80B00246AEF /* Ticket.swift */,
				BBD28CB41DF5C84600246AEF /* CardViewController.swift */,
				BBD28CB61DF5C87600246AEF /* TicketWebServer.swift */,
				BBD28CB81DF5C8FE00246AEF /* ViewControllerProvider.swift */,
				BBD438D51DF8230200386B7A /* TicketList.swift */,
				BB8785221DFECD0A003A7F76 /* PageViewControllerSearch.swift */,
				BB8785311DFEF93D003A7F76 /* Presentation.swift */,
				BB8785331DFF1507003A7F76 /* Registro.swift */,
				BB88D5581E018BFB0051F231 /* Login.swift */,
				BB6B61B81E0A97DD00F0F56A /* CameraViewController.swift */,
				BB6B61BA1E0AA52E00F0F56A /* CameraViewControllerLogin.swift */,
				BB6C27FD1E38A7C6008693AB /* TabView.swift */,
				BB2EAFDE1E39F16800B314FB /* CustomTabBarController.swift */,
				BB2EAFE01E3A057900B314FB /* TagsListViews.swift */,
				BB2EAFE21E3A150600B314FB /* LastTicketsView.swift */,
				BB7F5BE91E3F531F00A03230 /* CameraViewControllerTags.swift */,
				BB7F5BEB1E3F6B1800A03230 /* UpdatePassword.swift */,
				BB65BFCC1E41E01100C3F94B /* FavTicketsList.swift */,
				BB65BFCE1E41FF0100C3F94B /* Comercio.swift */,
				BB65BFD01E42005A00C3F94B /* StoreOfTicketsListView.swift */,
				BB65BFD21E4210B900C3F94B /* SearchStoreTicketsListView.swift */,
				BB66AA461E433B4A00C7679C /* SearchComercio.swift */,
				BBEC7EE71E44AA990085B906 /* Activities.swift */,
				BBEC7EE91E44AAAC0085B906 /* City.swift */,
				BB74793B1E48C39200843905 /* CityOfTicketsListView.swift */,
				BB74793D1E48C3AE00843905 /* ActivitiesOfTicketsListView.swift */,
				BB74793F1E48E32A00843905 /* Usuario.swift */,
				BB5D74E31E4A457A007C9F95 /* Tag.swift */,
			);
			name = TicketReaderApple;
			path = sideBarMenuNav;
			sourceTree = "<group>";
		};
		BBD28CA31DF5B61600246AEF /* SWRevealViewController */ = {
			isa = PBXGroup;
			children = (
				BBD28CA51DF5B77100246AEF /* SWRevealViewController.h */,
				BBD28CA61DF5B77100246AEF /* SWRevealViewController.m */,
				BBD28CA41DF5B77000246AEF /* sideBarMenuNav-Bridging-Header.h */,
			);
			name = SWRevealViewController;
			sourceTree = "<group>";
		};
/* End PBXGroup section */

/* Begin PBXNativeTarget section */
		BBD28C711DF5B60400246AEF /* TicketReaderApple */ = {
			isa = PBXNativeTarget;
			buildConfigurationList = BBD28C9A1DF5B60400246AEF /* Build configuration list for PBXNativeTarget "TicketReaderApple" */;
			buildPhases = (
				63101FB5E3CE4D64B7793CFB /* [CP] Check Pods Manifest.lock */,
				BBD28C6E1DF5B60400246AEF /* Sources */,
				BBD28C6F1DF5B60400246AEF /* Frameworks */,
				BBD28C701DF5B60400246AEF /* Resources */,
				1468EE61ED2C421B13CEA4E5 /* [CP] Embed Pods Frameworks */,
				C1DC0E99161D6A187214C83C /* [CP] Copy Pods Resources */,
			);
			buildRules = (
			);
			dependencies = (
			);
			name = TicketReaderApple;
			productName = sideBarMenuNav;
			productReference = BBD28C721DF5B60400246AEF /* TicketReaderApple.app */;
			productType = "com.apple.product-type.application";
		};
		BBD28C851DF5B60400246AEF /* TicketReaderAppleTests */ = {
			isa = PBXNativeTarget;
			buildConfigurationList = BBD28C9D1DF5B60400246AEF /* Build configuration list for PBXNativeTarget "TicketReaderAppleTests" */;
			buildPhases = (
				A30D8B652D31DC7FF8754B75 /* [CP] Check Pods Manifest.lock */,
				BBD28C821DF5B60400246AEF /* Sources */,
				BBD28C831DF5B60400246AEF /* Frameworks */,
				BBD28C841DF5B60400246AEF /* Resources */,
				2A0017E999E127156727DD0D /* [CP] Embed Pods Frameworks */,
				7B01AC62C9552C529B354BAD /* [CP] Copy Pods Resources */,
			);
			buildRules = (
			);
			dependencies = (
				BBD28C881DF5B60400246AEF /* PBXTargetDependency */,
			);
			name = TicketReaderAppleTests;
			productName = sideBarMenuNavTests;
			productReference = BBD28C861DF5B60400246AEF /* TicketReaderAppleTests.xctest */;
			productType = "com.apple.product-type.bundle.unit-test";
		};
		BBD28C901DF5B60400246AEF /* TicketReaderAppleUITests */ = {
			isa = PBXNativeTarget;
			buildConfigurationList = BBD28CA01DF5B60400246AEF /* Build configuration list for PBXNativeTarget "TicketReaderAppleUITests" */;
			buildPhases = (
				A7B9A688B806EE3DEE76C7EB /* [CP] Check Pods Manifest.lock */,
				BBD28C8D1DF5B60400246AEF /* Sources */,
				BBD28C8E1DF5B60400246AEF /* Frameworks */,
				BBD28C8F1DF5B60400246AEF /* Resources */,
				78939B9582DD1793D748259E /* [CP] Embed Pods Frameworks */,
				762FE4C88112E57608DFE4F5 /* [CP] Copy Pods Resources */,
			);
			buildRules = (
			);
			dependencies = (
				BBD28C931DF5B60400246AEF /* PBXTargetDependency */,
			);
			name = TicketReaderAppleUITests;
			productName = sideBarMenuNavUITests;
			productReference = BBD28C911DF5B60400246AEF /* TicketReaderAppleUITests.xctest */;
			productType = "com.apple.product-type.bundle.ui-testing";
		};
/* End PBXNativeTarget section */

/* Begin PBXProject section */
		BBD28C6A1DF5B60400246AEF /* Project object */ = {
			isa = PBXProject;
			attributes = {
				LastSwiftUpdateCheck = 0810;
				LastUpgradeCheck = 0810;
				ORGANIZATIONNAME = "Miguel Angel Luna";
				TargetAttributes = {
					BBD28C711DF5B60400246AEF = {
						CreatedOnToolsVersion = 8.1;
						DevelopmentTeam = C9698KUH57;
						LastSwiftMigration = 0810;
						ProvisioningStyle = Automatic;
						SystemCapabilities = {
							com.apple.BackgroundModes = {
								enabled = 1;
							};
							com.apple.Push = {
								enabled = 1;
							};
						};
					};
					BBD28C851DF5B60400246AEF = {
						CreatedOnToolsVersion = 8.1;
						DevelopmentTeam = C9698KUH57;
						ProvisioningStyle = Automatic;
						TestTargetID = BBD28C711DF5B60400246AEF;
					};
					BBD28C901DF5B60400246AEF = {
						CreatedOnToolsVersion = 8.1;
						DevelopmentTeam = C9698KUH57;
						ProvisioningStyle = Automatic;
						TestTargetID = BBD28C711DF5B60400246AEF;
					};
				};
			};
			buildConfigurationList = BBD28C6D1DF5B60400246AEF /* Build configuration list for PBXProject "TicketReaderApple" */;
			compatibilityVersion = "Xcode 3.2";
			developmentRegion = English;
			hasScannedForEncodings = 0;
			knownRegions = (
				en,
				Base,
			);
			mainGroup = BBD28C691DF5B60400246AEF;
			productRefGroup = BBD28C731DF5B60400246AEF /* Products */;
			projectDirPath = "";
			projectRoot = "";
			targets = (
				BBD28C711DF5B60400246AEF /* TicketReaderApple */,
				BBD28C851DF5B60400246AEF /* TicketReaderAppleTests */,
				BBD28C901DF5B60400246AEF /* TicketReaderAppleUITests */,
			);
		};
/* End PBXProject section */

/* Begin PBXResourcesBuildPhase section */
		BBD28C701DF5B60400246AEF /* Resources */ = {
			isa = PBXResourcesBuildPhase;
			buildActionMask = 2147483647;
			files = (
				EB3C83921EC24BD1007AC9DD /* ButtonAccount.png in Resources */,
				BB1E6B9D1E37A6620084347A /* p.png in Resources */,
				BB1E6B9F1E37A7700084347A /* 3d6cfa22852.png in Resources */,
				BB7F5BF01E3F9CA700A03230 /* 34564.png in Resources */,
				BB7D74911E27A9EC0028C8EF /* calendarIcon.png in Resources */,
				BB6FE6811E4B987C00181D6A /* logo copia.png in Resources */,
				EB3C83AF1EC24C39007AC9DD /* listado.png in Resources */,
				EB3C83A31EC24BD1007AC9DD /* lupaD.png in Resources */,
				BB87852D1DFEEA46003A7F76 /* menu.png in Resources */,
				EB3C83961EC24BD1007AC9DD /* close-button-png-27.png in Resources */,
				BB7F5BD81E3F359200A03230 /* lupa-hi.png in Resources */,
				EB3C83AC1EC24BD1007AC9DD /* selected_trans.png in Resources */,
				BB6737F01E2624C90069FDBA /* 58.png in Resources */,
				BB66AA451E4337C500C7679C /* flechita.png in Resources */,
				EB3C83901EC24BD1007AC9DD /* ajustes.png in Resources */,
				BB66AA431E4332E700C7679C /* 25985.png in Resources */,
				EB3C839D1EC24BD1007AC9DD /* flechalisticketSearch.png in Resources */,
				EB3C83991EC24BD1007AC9DD /* favbueno.png in Resources */,
				BB6737EC1E26232C0069FDBA /* iTunesArtwork@2x.png in Resources */,
				BB77EB871E003F3E00D6C9A7 /* checkboxD.png in Resources */,
				EB3C83A11EC24BD1007AC9DD /* logo_listado.png in Resources */,
				BB7F5BE81E3F4A5800A03230 /* icono.flecha.izquierda.png in Resources */,
				BB6FE67D1E4B8EE400181D6A /* Imagen1 copia.png in Resources */,
				EB3C83981EC24BD1007AC9DD /* degraded.png in Resources */,
				BB6FE6791E4B85CC00181D6A /* Imagen1.png in Resources */,
				BB8785361DFF165D003A7F76 /* checkbox.gif in Resources */,
				BB1E6B9B1E37A5850084347A /* person.png in Resources */,
				BB1E6B971E37A3930084347A /* 58 2.png in Resources */,
				EB3C838A1EC24BD1007AC9DD /* 1.png in Resources */,
				EB3C83C11EC24CE6007AC9DD /* rButtonSelected.png in Resources */,
				EB3C83941EC24BD1007AC9DD /* calendar_green.png in Resources */,
				BB5D1CC91E4485E6004A2581 /* empty-radiobutton-128.png in Resources */,
				EB3C839E1EC24BD1007AC9DD /* grande.png in Resources */,
				EB3C83A81EC24BD1007AC9DD /* no_checkTiCloud.PNG in Resources */,
				BB5D1CC71E4485D8004A2581 /* radioButton selected.png in Resources */,
				EB3C83A61EC24BD1007AC9DD /* no_check_trans.png in Resources */,
				EB3C83BE1EC24CE6007AC9DD /* radio_button_off_grey_192x192.png in Resources */,
				BB6737EE1E2624BE0069FDBA /* 29.png in Resources */,
				EB3C839F1EC24BD1007AC9DD /* icono-chatarreria-medio-ambiente-recielpuente.png in Resources */,
				EB3C83BC1EC24CE6007AC9DD /* candado.png in Resources */,
				EB3C83A51EC24BD1007AC9DD /* nfc.png in Resources */,
				BB7F5BE61E3F462F00A03230 /* ambiente-recielpuente.png in Resources */,
				EB3C83BB1EC24CE6007AC9DD /* camera_icon_post.png in Resources */,
				BB6737F21E26251F0069FDBA /* 89.png in Resources */,
				EB141F651EC3682500022703 /* degradedNew.png in Resources */,
				EB3C83A01EC24BD1007AC9DD /* info.png in Resources */,
				EB3C83931EC24BD1007AC9DD /* buttonEditUserEmpty.png in Resources */,
				BB7F5BE21E3F45AC00A03230 /* chat-20.png in Resources */,
				EB3C838E1EC24BD1007AC9DD /* 33.png in Resources */,
				BB7F5BE01E3F444C00A03230 /* 472.png in Resources */,
				BB77EB851E003F0C00D6C9A7 /* white.gif in Resources */,
				EB3C83BD1EC24CE6007AC9DD /* email.png in Resources */,
				BBD28C801DF5B60400246AEF /* LaunchScreen.storyboard in Resources */,
				BB7F5BDA1E3F362B00A03230 /* preferencias-del-sistema.png in Resources */,
				EB3C83911EC24BD1007AC9DD /* bolsa.png in Resources */,
				BBD28C7D1DF5B60400246AEF /* Assets.xcassets in Resources */,
				BB8785381DFF17C9003A7F76 /* selected.png in Resources */,
				EB3C838D1EC24BD1007AC9DD /* 11.png in Resources */,
				BB6FE67B1E4B8ED800181D6A /* new.png in Resources */,
				BB77EB891E0045C500D6C9A7 /* camera.png in Resources */,
				BB7F5BDE1E3F41FB00A03230 /* maintenance_256.png in Resources */,
				BB8785291DFEE980003A7F76 /* menuP.png in Resources */,
				BBD28C7B1DF5B60400246AEF /* Main.storyboard in Resources */,
				BB66AA411E432D4C00C7679C /* lupa-icono-3813-128.png in Resources */,
				BB7F5BEE1E3F9A8C00A03230 /* fav.png in Resources */,
				BB6FE67F1E4B8EEF00181D6A /* Imagen1 copia 2.png in Resources */,
				BB87852B1DFEE9F7003A7F76 /* menuD.png in Resources */,
				EB3C83651EC24B8F007AC9DD /* selectedTiCloud.PNG in Resources */,
				EB3C83B31EC24C7D007AC9DD /* arrow_right.png in Resources */,
				EB3C83AB1EC24BD1007AC9DD /* rButtonAccount.png in Resources */,
				BB8785271DFEE887003A7F76 /* menu icon.png in Resources */,
				BB57171A1E28E99600087334 /* icon_home.png in Resources */,
				BB2EAFE51E3A473100B314FB /* star_gold_256.png in Resources */,
				EB3C83B11EC24C59007AC9DD /* logo_login.png in Resources */,
				EB3C83BF1EC24CE6007AC9DD /* radio_button_on_grey_192x192.png in Resources */,
				EB3C83951EC24BD1007AC9DD /* calendar_search_ticket.png in Resources */,
				EB3C839A1EC24BD1007AC9DD /* favListIcon.png in Resources */,
				EB3C83AD1EC24BD1007AC9DD /* ticket-icon-64996.png in Resources */,
				BB1E6B991E37A4070084347A /* 58 3.png in Resources */,
				BB7F5BDC1E3F392F00A03230 /* ticketLast.png in Resources */,
				BB6FE6831E4B988900181D6A /* logo.png in Resources */,
				EB3C838F1EC24BD1007AC9DD /* 44.png in Resources */,
				EB3C838B1EC24BD1007AC9DD /* 3.png in Resources */,
				EB3C83A91EC24BD1007AC9DD /* power-icon.png in Resources */,
				BB87852F1DFEEC9B003A7F76 /* TICKETS-NOW.png in Resources */,
				EB3C83A41EC24BD1007AC9DD /* medioambiente.png in Resources */,
				EB3C83AA1EC24BD1007AC9DD /* quienes_somos.png in Resources */,
				BB5EF3271E081EF40072A9DC /* GoogleService-Info.plist in Resources */,
				BB6FE6851E4B989400181D6A /* logo copia 2.png in Resources */,
				EB3C83A71EC24BD1007AC9DD /* no_check.PNG in Resources */,
				EB3C83971EC24BD1007AC9DD /* cuenta.png in Resources */,
				EB3C83C01EC24CE6007AC9DD /* rButtonEmpty.png in Resources */,
				EB3C838C1EC24BD1007AC9DD /* 4.png in Resources */,
				EB3C839C1EC24BD1007AC9DD /* flechalisticket.png in Resources */,
				BB7F5BF21E3F9DB200A03230 /* arrow-back-128.png in Resources */,
				EB3C839B1EC24BD1007AC9DD /* flecha_edit_text.png in Resources */,
				EB3C83A21EC24BD1007AC9DD /* logo_ticloud.png in Resources */,
			);
			runOnlyForDeploymentPostprocessing = 0;
		};
		BBD28C841DF5B60400246AEF /* Resources */ = {
			isa = PBXResourcesBuildPhase;
			buildActionMask = 2147483647;
			files = (
			);
			runOnlyForDeploymentPostprocessing = 0;
		};
		BBD28C8F1DF5B60400246AEF /* Resources */ = {
			isa = PBXResourcesBuildPhase;
			buildActionMask = 2147483647;
			files = (
			);
			runOnlyForDeploymentPostprocessing = 0;
		};
/* End PBXResourcesBuildPhase section */

/* Begin PBXShellScriptBuildPhase section */
		1468EE61ED2C421B13CEA4E5 /* [CP] Embed Pods Frameworks */ = {
			isa = PBXShellScriptBuildPhase;
			buildActionMask = 2147483647;
			files = (
			);
			inputPaths = (
			);
			name = "[CP] Embed Pods Frameworks";
			outputPaths = (
			);
			runOnlyForDeploymentPostprocessing = 0;
			shellPath = /bin/sh;
			shellScript = "\"${SRCROOT}/Pods/Target Support Files/Pods-TicketReaderApple/Pods-TicketReaderApple-frameworks.sh\"\n";
			showEnvVarsInLog = 0;
		};
		2A0017E999E127156727DD0D /* [CP] Embed Pods Frameworks */ = {
			isa = PBXShellScriptBuildPhase;
			buildActionMask = 2147483647;
			files = (
			);
			inputPaths = (
			);
			name = "[CP] Embed Pods Frameworks";
			outputPaths = (
			);
			runOnlyForDeploymentPostprocessing = 0;
			shellPath = /bin/sh;
			shellScript = "\"${SRCROOT}/Pods/Target Support Files/Pods-TicketReaderAppleTests/Pods-TicketReaderAppleTests-frameworks.sh\"\n";
			showEnvVarsInLog = 0;
		};
		63101FB5E3CE4D64B7793CFB /* [CP] Check Pods Manifest.lock */ = {
			isa = PBXShellScriptBuildPhase;
			buildActionMask = 2147483647;
			files = (
			);
			inputPaths = (
			);
			name = "[CP] Check Pods Manifest.lock";
			outputPaths = (
			);
			runOnlyForDeploymentPostprocessing = 0;
			shellPath = /bin/sh;
			shellScript = "diff \"${PODS_ROOT}/../Podfile.lock\" \"${PODS_ROOT}/Manifest.lock\" > /dev/null\nif [ $? != 0 ] ; then\n    # print error to STDERR\n    echo \"error: The sandbox is not in sync with the Podfile.lock. Run 'pod install' or update your CocoaPods installation.\" >&2\n    exit 1\nfi\n";
			showEnvVarsInLog = 0;
		};
		762FE4C88112E57608DFE4F5 /* [CP] Copy Pods Resources */ = {
			isa = PBXShellScriptBuildPhase;
			buildActionMask = 2147483647;
			files = (
			);
			inputPaths = (
			);
			name = "[CP] Copy Pods Resources";
			outputPaths = (
			);
			runOnlyForDeploymentPostprocessing = 0;
			shellPath = /bin/sh;
			shellScript = "\"${SRCROOT}/Pods/Target Support Files/Pods-TicketReaderAppleUITests/Pods-TicketReaderAppleUITests-resources.sh\"\n";
			showEnvVarsInLog = 0;
		};
		78939B9582DD1793D748259E /* [CP] Embed Pods Frameworks */ = {
			isa = PBXShellScriptBuildPhase;
			buildActionMask = 2147483647;
			files = (
			);
			inputPaths = (
			);
			name = "[CP] Embed Pods Frameworks";
			outputPaths = (
			);
			runOnlyForDeploymentPostprocessing = 0;
			shellPath = /bin/sh;
			shellScript = "\"${SRCROOT}/Pods/Target Support Files/Pods-TicketReaderAppleUITests/Pods-TicketReaderAppleUITests-frameworks.sh\"\n";
			showEnvVarsInLog = 0;
		};
		7B01AC62C9552C529B354BAD /* [CP] Copy Pods Resources */ = {
			isa = PBXShellScriptBuildPhase;
			buildActionMask = 2147483647;
			files = (
			);
			inputPaths = (
			);
			name = "[CP] Copy Pods Resources";
			outputPaths = (
			);
			runOnlyForDeploymentPostprocessing = 0;
			shellPath = /bin/sh;
			shellScript = "\"${SRCROOT}/Pods/Target Support Files/Pods-TicketReaderAppleTests/Pods-TicketReaderAppleTests-resources.sh\"\n";
			showEnvVarsInLog = 0;
		};
		A30D8B652D31DC7FF8754B75 /* [CP] Check Pods Manifest.lock */ = {
			isa = PBXShellScriptBuildPhase;
			buildActionMask = 2147483647;
			files = (
			);
			inputPaths = (
			);
			name = "[CP] Check Pods Manifest.lock";
			outputPaths = (
			);
			runOnlyForDeploymentPostprocessing = 0;
			shellPath = /bin/sh;
			shellScript = "diff \"${PODS_ROOT}/../Podfile.lock\" \"${PODS_ROOT}/Manifest.lock\" > /dev/null\nif [ $? != 0 ] ; then\n    # print error to STDERR\n    echo \"error: The sandbox is not in sync with the Podfile.lock. Run 'pod install' or update your CocoaPods installation.\" >&2\n    exit 1\nfi\n";
			showEnvVarsInLog = 0;
		};
		A7B9A688B806EE3DEE76C7EB /* [CP] Check Pods Manifest.lock */ = {
			isa = PBXShellScriptBuildPhase;
			buildActionMask = 2147483647;
			files = (
			);
			inputPaths = (
			);
			name = "[CP] Check Pods Manifest.lock";
			outputPaths = (
			);
			runOnlyForDeploymentPostprocessing = 0;
			shellPath = /bin/sh;
			shellScript = "diff \"${PODS_ROOT}/../Podfile.lock\" \"${PODS_ROOT}/Manifest.lock\" > /dev/null\nif [ $? != 0 ] ; then\n    # print error to STDERR\n    echo \"error: The sandbox is not in sync with the Podfile.lock. Run 'pod install' or update your CocoaPods installation.\" >&2\n    exit 1\nfi\n";
			showEnvVarsInLog = 0;
		};
		C1DC0E99161D6A187214C83C /* [CP] Copy Pods Resources */ = {
			isa = PBXShellScriptBuildPhase;
			buildActionMask = 2147483647;
			files = (
			);
			inputPaths = (
			);
			name = "[CP] Copy Pods Resources";
			outputPaths = (
			);
			runOnlyForDeploymentPostprocessing = 0;
			shellPath = /bin/sh;
			shellScript = "\"${SRCROOT}/Pods/Target Support Files/Pods-TicketReaderApple/Pods-TicketReaderApple-resources.sh\"\n";
			showEnvVarsInLog = 0;
		};
/* End PBXShellScriptBuildPhase section */

/* Begin PBXSourcesBuildPhase section */
		BBD28C6E1DF5B60400246AEF /* Sources */ = {
			isa = PBXSourcesBuildPhase;
			buildActionMask = 2147483647;
			files = (
				BB74793C1E48C39200843905 /* CityOfTicketsListView.swift in Sources */,
				BB8785231DFECD0A003A7F76 /* PageViewControllerSearch.swift in Sources */,
				BBD28CAF1DF5C7AE00246AEF /* PageViewController.swift in Sources */,
				BB8785341DFF1507003A7F76 /* Registro.swift in Sources */,
				BBD28C761DF5B60400246AEF /* AppDelegate.swift in Sources */,
				BB7D74861E27A6200028C8EF /* ASBodyVM.swift in Sources */,
				BBD28CA71DF5B77100246AEF /* SWRevealViewController.m in Sources */,
				BB7D748E1E27A6200028C8EF /* ASWeekM.swift in Sources */,
				BB65BFD11E42005A00C3F94B /* StoreOfTicketsListView.swift in Sources */,
				BB65BFCF1E41FF0100C3F94B /* Comercio.swift in Sources */,
				BB5621261E277C6C00650ABF /* NewConnection.swift in Sources */,
				BBD438D61DF8230200386B7A /* TicketList.swift in Sources */,
				BB74793E1E48C3AE00843905 /* ActivitiesOfTicketsListView.swift in Sources */,
				BB2EAFE11E3A057900B314FB /* TagsListViews.swift in Sources */,
				BB88D5591E018BFB0051F231 /* Login.swift in Sources */,
				BB2EAFE31E3A150600B314FB /* LastTicketsView.swift in Sources */,
				BB6C27FE1E38A7C6008693AB /* TabView.swift in Sources */,
				BBD28CB31DF5C80B00246AEF /* Ticket.swift in Sources */,
				BB66AA471E433B4A00C7679C /* SearchComercio.swift in Sources */,
				BBEC7EE81E44AA990085B906 /* Activities.swift in Sources */,
				BB8785321DFEF93D003A7F76 /* Presentation.swift in Sources */,
				BBD28CA91DF5C13300246AEF /* Busqueda.swift in Sources */,
				BBD28CB11DF5C7F000246AEF /* TicketConstant.swift in Sources */,
				BBD28CAD1DF5C5EE00246AEF /* EditUser.swift in Sources */,
				BB5D74E41E4A457A007C9F95 /* Tag.swift in Sources */,
				BB7D74821E27A6200028C8EF /* ASWeekV.swift in Sources */,
				BB65BFCD1E41E01100C3F94B /* FavTicketsList.swift in Sources */,
				BB7D74851E27A6200028C8EF /* ASCalendarVM.swift in Sources */,
				BB7F5BEC1E3F6B1900A03230 /* UpdatePassword.swift in Sources */,
				BB7D748D1E27A6200028C8EF /* ASCalendarNamesM.swift in Sources */,
				BB7D747D1E27A6200028C8EF /* ASCalendar.swift in Sources */,
				BB7D74871E27A6200028C8EF /* ASMonthCellVM.swift in Sources */,
				BB7D747E1E27A6200028C8EF /* ASCustomLayer.swift in Sources */,
				BB65BFD31E4210B900C3F94B /* SearchStoreTicketsListView.swift in Sources */,
				BB7F5BEA1E3F531F00A03230 /* CameraViewControllerTags.swift in Sources */,
				BB6B61BB1E0AA52E00F0F56A /* CameraViewControllerLogin.swift in Sources */,
				BB7D748B1E27A6200028C8EF /* ASSettingsM.swift in Sources */,
				BB7D747F1E27A6200028C8EF /* ASCalendarV.swift in Sources */,
				BB7D74811E27A6200028C8EF /* ASMonthV.swift in Sources */,
				BB7D74801E27A6200028C8EF /* ASBodyV.swift in Sources */,
				BB7D74881E27A6200028C8EF /* ASWeekVM.swift in Sources */,
				BBD28CB51DF5C84600246AEF /* CardViewController.swift in Sources */,
				BB7D74841E27A6200028C8EF /* Dynamic.swift in Sources */,
				BB6B61B91E0A97DD00F0F56A /* CameraViewController.swift in Sources */,
				BB7479401E48E32A00843905 /* Usuario.swift in Sources */,
				BB7D748F1E27A6200028C8EF /* ASDayM.swift in Sources */,
				BB2EAFDF1E39F16800B314FB /* CustomTabBarController.swift in Sources */,
				BBB8F08F1E3796E20089EFDB /* DashboardTabBarController.swift in Sources */,
				BB7D748A1E27A6200028C8EF /* ASThemeVM.swift in Sources */,
				BB5621241E277C4D00650ABF /* NewRegistry.swift in Sources */,
				BBD28CB91DF5C8FE00246AEF /* ViewControllerProvider.swift in Sources */,
				BB7D74891E27A6200028C8EF /* ASDayVM.swift in Sources */,
				BBD28CB71DF5C87600246AEF /* TicketWebServer.swift in Sources */,
				BB7D748C1E27A6200028C8EF /* ASMonthM.swift in Sources */,
				BBEC7EEA1E44AAAC0085B906 /* City.swift in Sources */,
				BB7D74831E27A6200028C8EF /* ASDayV.swift in Sources */,
			);
			runOnlyForDeploymentPostprocessing = 0;
		};
		BBD28C821DF5B60400246AEF /* Sources */ = {
			isa = PBXSourcesBuildPhase;
			buildActionMask = 2147483647;
			files = (
			);
			runOnlyForDeploymentPostprocessing = 0;
		};
		BBD28C8D1DF5B60400246AEF /* Sources */ = {
			isa = PBXSourcesBuildPhase;
			buildActionMask = 2147483647;
			files = (
			);
			runOnlyForDeploymentPostprocessing = 0;
		};
/* End PBXSourcesBuildPhase section */

/* Begin PBXTargetDependency section */
		BBD28C881DF5B60400246AEF /* PBXTargetDependency */ = {
			isa = PBXTargetDependency;
			target = BBD28C711DF5B60400246AEF /* TicketReaderApple */;
			targetProxy = BBD28C871DF5B60400246AEF /* PBXContainerItemProxy */;
		};
		BBD28C931DF5B60400246AEF /* PBXTargetDependency */ = {
			isa = PBXTargetDependency;
			target = BBD28C711DF5B60400246AEF /* TicketReaderApple */;
			targetProxy = BBD28C921DF5B60400246AEF /* PBXContainerItemProxy */;
		};
/* End PBXTargetDependency section */

/* Begin PBXVariantGroup section */
		BBD28C791DF5B60400246AEF /* Main.storyboard */ = {
			isa = PBXVariantGroup;
			children = (
				BBD28C7A1DF5B60400246AEF /* Base */,
			);
			name = Main.storyboard;
			sourceTree = "<group>";
		};
		BBD28C7E1DF5B60400246AEF /* LaunchScreen.storyboard */ = {
			isa = PBXVariantGroup;
			children = (
				BBD28C7F1DF5B60400246AEF /* Base */,
			);
			name = LaunchScreen.storyboard;
			sourceTree = "<group>";
		};
/* End PBXVariantGroup section */

/* Begin XCBuildConfiguration section */
		BBD28C981DF5B60400246AEF /* Debug */ = {
			isa = XCBuildConfiguration;
			buildSettings = {
				ALWAYS_SEARCH_USER_PATHS = NO;
				CLANG_ANALYZER_NONNULL = YES;
				CLANG_CXX_LANGUAGE_STANDARD = "gnu++0x";
				CLANG_CXX_LIBRARY = "libc++";
				CLANG_ENABLE_MODULES = YES;
				CLANG_ENABLE_OBJC_ARC = YES;
				CLANG_WARN_BOOL_CONVERSION = YES;
				CLANG_WARN_CONSTANT_CONVERSION = YES;
				CLANG_WARN_DIRECT_OBJC_ISA_USAGE = YES_ERROR;
				CLANG_WARN_DOCUMENTATION_COMMENTS = YES;
				CLANG_WARN_EMPTY_BODY = YES;
				CLANG_WARN_ENUM_CONVERSION = YES;
				CLANG_WARN_INFINITE_RECURSION = YES;
				CLANG_WARN_INT_CONVERSION = YES;
				CLANG_WARN_OBJC_ROOT_CLASS = YES_ERROR;
				CLANG_WARN_SUSPICIOUS_MOVES = YES;
				CLANG_WARN_UNREACHABLE_CODE = YES;
				CLANG_WARN__DUPLICATE_METHOD_MATCH = YES;
				"CODE_SIGN_IDENTITY[sdk=iphoneos*]" = "iPhone Developer";
				COPY_PHASE_STRIP = NO;
				DEBUG_INFORMATION_FORMAT = dwarf;
				ENABLE_BITCODE = YES;
				ENABLE_STRICT_OBJC_MSGSEND = YES;
				ENABLE_TESTABILITY = YES;
				GCC_C_LANGUAGE_STANDARD = gnu99;
				GCC_DYNAMIC_NO_PIC = NO;
				GCC_NO_COMMON_BLOCKS = YES;
				GCC_OPTIMIZATION_LEVEL = 0;
				GCC_PREPROCESSOR_DEFINITIONS = (
					"DEBUG=1",
					"$(inherited)",
				);
				GCC_WARN_64_TO_32_BIT_CONVERSION = YES;
				GCC_WARN_ABOUT_RETURN_TYPE = YES_ERROR;
				GCC_WARN_UNDECLARED_SELECTOR = YES;
				GCC_WARN_UNINITIALIZED_AUTOS = YES_AGGRESSIVE;
				GCC_WARN_UNUSED_FUNCTION = YES;
				GCC_WARN_UNUSED_VARIABLE = YES;
				IPHONEOS_DEPLOYMENT_TARGET = 10.1;
				MTL_ENABLE_DEBUG_INFO = YES;
				ONLY_ACTIVE_ARCH = YES;
				SDKROOT = iphoneos;
				SWIFT_ACTIVE_COMPILATION_CONDITIONS = DEBUG;
				SWIFT_OPTIMIZATION_LEVEL = "-Onone";
				TARGETED_DEVICE_FAMILY = "1,2";
			};
			name = Debug;
		};
		BBD28C991DF5B60400246AEF /* Release */ = {
			isa = XCBuildConfiguration;
			buildSettings = {
				ALWAYS_SEARCH_USER_PATHS = NO;
				CLANG_ANALYZER_NONNULL = YES;
				CLANG_CXX_LANGUAGE_STANDARD = "gnu++0x";
				CLANG_CXX_LIBRARY = "libc++";
				CLANG_ENABLE_MODULES = YES;
				CLANG_ENABLE_OBJC_ARC = YES;
				CLANG_WARN_BOOL_CONVERSION = YES;
				CLANG_WARN_CONSTANT_CONVERSION = YES;
				CLANG_WARN_DIRECT_OBJC_ISA_USAGE = YES_ERROR;
				CLANG_WARN_DOCUMENTATION_COMMENTS = YES;
				CLANG_WARN_EMPTY_BODY = YES;
				CLANG_WARN_ENUM_CONVERSION = YES;
				CLANG_WARN_INFINITE_RECURSION = YES;
				CLANG_WARN_INT_CONVERSION = YES;
				CLANG_WARN_OBJC_ROOT_CLASS = YES_ERROR;
				CLANG_WARN_SUSPICIOUS_MOVES = YES;
				CLANG_WARN_UNREACHABLE_CODE = YES;
				CLANG_WARN__DUPLICATE_METHOD_MATCH = YES;
				"CODE_SIGN_IDENTITY[sdk=iphoneos*]" = "iPhone Developer";
				COPY_PHASE_STRIP = NO;
				DEBUG_INFORMATION_FORMAT = "dwarf-with-dsym";
				ENABLE_BITCODE = YES;
				ENABLE_NS_ASSERTIONS = NO;
				ENABLE_STRICT_OBJC_MSGSEND = YES;
				GCC_C_LANGUAGE_STANDARD = gnu99;
				GCC_NO_COMMON_BLOCKS = YES;
				GCC_WARN_64_TO_32_BIT_CONVERSION = YES;
				GCC_WARN_ABOUT_RETURN_TYPE = YES_ERROR;
				GCC_WARN_UNDECLARED_SELECTOR = YES;
				GCC_WARN_UNINITIALIZED_AUTOS = YES_AGGRESSIVE;
				GCC_WARN_UNUSED_FUNCTION = YES;
				GCC_WARN_UNUSED_VARIABLE = YES;
				IPHONEOS_DEPLOYMENT_TARGET = 10.1;
				MTL_ENABLE_DEBUG_INFO = NO;
				ONLY_ACTIVE_ARCH = NO;
				SDKROOT = iphoneos;
				SWIFT_OPTIMIZATION_LEVEL = "-Owholemodule";
				TARGETED_DEVICE_FAMILY = "1,2";
				VALIDATE_PRODUCT = YES;
			};
			name = Release;
		};
		BBD28C9B1DF5B60400246AEF /* Debug */ = {
			isa = XCBuildConfiguration;
			baseConfigurationReference = 27F707F3B042DF7D2ACD3ACD /* Pods-TicketReaderApple.debug.xcconfig */;
			buildSettings = {
				ASSETCATALOG_COMPILER_APPICON_NAME = AppIcon;
				CLANG_ENABLE_MODULES = YES;
				CODE_SIGN_ENTITLEMENTS = TicketReaderApple.entitlements;
				"CODE_SIGN_IDENTITY[sdk=iphoneos*]" = "iPhone Developer";
				DEVELOPMENT_TEAM = C9698KUH57;
				ENABLE_BITCODE = YES;
				INFOPLIST_FILE = sideBarMenuNav/Info.plist;
				IPHONEOS_DEPLOYMENT_TARGET = 10.2;
				LD_RUNPATH_SEARCH_PATHS = "$(inherited) @executable_path/Frameworks";
				PRODUCT_BUNDLE_IDENTIFIER = DisaTec.TicketReader;
				PRODUCT_NAME = "$(TARGET_NAME)";
				SWIFT_OBJC_BRIDGING_HEADER = "sideBarMenuNav/sideBarMenuNav-Bridging-Header.h";
				SWIFT_OPTIMIZATION_LEVEL = "-Onone";
				SWIFT_VERSION = 3.0;
			};
			name = Debug;
		};
		BBD28C9C1DF5B60400246AEF /* Release */ = {
			isa = XCBuildConfiguration;
			baseConfigurationReference = 5B1525E441B15FDE5647FCC1 /* Pods-TicketReaderApple.release.xcconfig */;
			buildSettings = {
				ASSETCATALOG_COMPILER_APPICON_NAME = AppIcon;
				CLANG_ENABLE_MODULES = YES;
				CODE_SIGN_ENTITLEMENTS = TicketReaderApple.entitlements;
				"CODE_SIGN_IDENTITY[sdk=iphoneos*]" = "iPhone Developer";
				DEVELOPMENT_TEAM = C9698KUH57;
				ENABLE_BITCODE = YES;
				INFOPLIST_FILE = sideBarMenuNav/Info.plist;
				IPHONEOS_DEPLOYMENT_TARGET = 10.2;
				LD_RUNPATH_SEARCH_PATHS = "$(inherited) @executable_path/Frameworks";
				PRODUCT_BUNDLE_IDENTIFIER = DisaTec.TicketReader;
				PRODUCT_NAME = "$(TARGET_NAME)";
				SWIFT_OBJC_BRIDGING_HEADER = "sideBarMenuNav/sideBarMenuNav-Bridging-Header.h";
				SWIFT_VERSION = 3.0;
			};
			name = Release;
		};
		BBD28C9E1DF5B60400246AEF /* Debug */ = {
			isa = XCBuildConfiguration;
			baseConfigurationReference = 55087D3BBBDDB46ED91CE0CC /* Pods-TicketReaderAppleTests.debug.xcconfig */;
			buildSettings = {
				ALWAYS_EMBED_SWIFT_STANDARD_LIBRARIES = YES;
				BUNDLE_LOADER = "$(TEST_HOST)";
				DEVELOPMENT_TEAM = C9698KUH57;
				INFOPLIST_FILE = sideBarMenuNavTests/Info.plist;
				LD_RUNPATH_SEARCH_PATHS = "$(inherited) @executable_path/Frameworks @loader_path/Frameworks";
				PRODUCT_BUNDLE_IDENTIFIER = DisaTec.sideBarMenuNavTests;
				PRODUCT_NAME = "$(TARGET_NAME)";
				SWIFT_VERSION = 3.0;
				TEST_HOST = "$(BUILT_PRODUCTS_DIR)/TicketReaderApple.app/TicketReaderApple";
			};
			name = Debug;
		};
		BBD28C9F1DF5B60400246AEF /* Release */ = {
			isa = XCBuildConfiguration;
			baseConfigurationReference = 5C565D1E6F6C3242367A7054 /* Pods-TicketReaderAppleTests.release.xcconfig */;
			buildSettings = {
				ALWAYS_EMBED_SWIFT_STANDARD_LIBRARIES = YES;
				BUNDLE_LOADER = "$(TEST_HOST)";
				DEVELOPMENT_TEAM = C9698KUH57;
				INFOPLIST_FILE = sideBarMenuNavTests/Info.plist;
				LD_RUNPATH_SEARCH_PATHS = "$(inherited) @executable_path/Frameworks @loader_path/Frameworks";
				PRODUCT_BUNDLE_IDENTIFIER = DisaTec.sideBarMenuNavTests;
				PRODUCT_NAME = "$(TARGET_NAME)";
				SWIFT_VERSION = 3.0;
				TEST_HOST = "$(BUILT_PRODUCTS_DIR)/TicketReaderApple.app/TicketReaderApple";
			};
			name = Release;
		};
		BBD28CA11DF5B60400246AEF /* Debug */ = {
			isa = XCBuildConfiguration;
			baseConfigurationReference = FA43570F1540C54B6FD606FA /* Pods-TicketReaderAppleUITests.debug.xcconfig */;
			buildSettings = {
				ALWAYS_EMBED_SWIFT_STANDARD_LIBRARIES = YES;
				DEVELOPMENT_TEAM = C9698KUH57;
				INFOPLIST_FILE = sideBarMenuNavUITests/Info.plist;
				LD_RUNPATH_SEARCH_PATHS = "$(inherited) @executable_path/Frameworks @loader_path/Frameworks";
				PRODUCT_BUNDLE_IDENTIFIER = DisaTec.sideBarMenuNavUITests;
				PRODUCT_NAME = "$(TARGET_NAME)";
				SWIFT_VERSION = 3.0;
				TEST_TARGET_NAME = sideBarMenuNav;
			};
			name = Debug;
		};
		BBD28CA21DF5B60400246AEF /* Release */ = {
			isa = XCBuildConfiguration;
			baseConfigurationReference = 15422519EB96C13670F8BF55 /* Pods-TicketReaderAppleUITests.release.xcconfig */;
			buildSettings = {
				ALWAYS_EMBED_SWIFT_STANDARD_LIBRARIES = YES;
				DEVELOPMENT_TEAM = C9698KUH57;
				INFOPLIST_FILE = sideBarMenuNavUITests/Info.plist;
				LD_RUNPATH_SEARCH_PATHS = "$(inherited) @executable_path/Frameworks @loader_path/Frameworks";
				PRODUCT_BUNDLE_IDENTIFIER = DisaTec.sideBarMenuNavUITests;
				PRODUCT_NAME = "$(TARGET_NAME)";
				SWIFT_VERSION = 3.0;
				TEST_TARGET_NAME = sideBarMenuNav;
			};
			name = Release;
		};
/* End XCBuildConfiguration section */

/* Begin XCConfigurationList section */
		BBD28C6D1DF5B60400246AEF /* Build configuration list for PBXProject "TicketReaderApple" */ = {
			isa = XCConfigurationList;
			buildConfigurations = (
				BBD28C981DF5B60400246AEF /* Debug */,
				BBD28C991DF5B60400246AEF /* Release */,
			);
			defaultConfigurationIsVisible = 0;
			defaultConfigurationName = Release;
		};
		BBD28C9A1DF5B60400246AEF /* Build configuration list for PBXNativeTarget "TicketReaderApple" */ = {
			isa = XCConfigurationList;
			buildConfigurations = (
				BBD28C9B1DF5B60400246AEF /* Debug */,
				BBD28C9C1DF5B60400246AEF /* Release */,
			);
			defaultConfigurationIsVisible = 0;
			defaultConfigurationName = Release;
		};
		BBD28C9D1DF5B60400246AEF /* Build configuration list for PBXNativeTarget "TicketReaderAppleTests" */ = {
			isa = XCConfigurationList;
			buildConfigurations = (
				BBD28C9E1DF5B60400246AEF /* Debug */,
				BBD28C9F1DF5B60400246AEF /* Release */,
			);
			defaultConfigurationIsVisible = 0;
			defaultConfigurationName = Release;
		};
		BBD28CA01DF5B60400246AEF /* Build configuration list for PBXNativeTarget "TicketReaderAppleUITests" */ = {
			isa = XCConfigurationList;
			buildConfigurations = (
				BBD28CA11DF5B60400246AEF /* Debug */,
				BBD28CA21DF5B60400246AEF /* Release */,
			);
			defaultConfigurationIsVisible = 0;
			defaultConfigurationName = Release;
		};
/* End XCConfigurationList section */
	};
	rootObject = BBD28C6A1DF5B60400246AEF /* Project object */;
}
