// !$*UTF8*$!
{
	archiveVersion = 1;
	classes = {
	};
	objectVersion = 46;
	objects = {

/* Begin PBXBuildFile section */
		0BC848BFEF4490F9E7AE5467 /* Pods_TicketReaderApple.framework in Frameworks */ = {isa = PBXBuildFile; fileRef = CF104A8F438B11B3183B7895 /* Pods_TicketReaderApple.framework */; };
		0F1321742819B78CE5DDEE99 /* Pods_TicketReaderAppleUITests.framework in Frameworks */ = {isa = PBXBuildFile; fileRef = 28A7F1C7A5F4ED51BAEFFCA4 /* Pods_TicketReaderAppleUITests.framework */; };
		B3CE13F6AB27B5EC5E4ECBD4 /* Pods_TicketReaderAppleTests.framework in Frameworks */ = {isa = PBXBuildFile; fileRef = A197ACFFFB5C0018BD6C3ADB /* Pods_TicketReaderAppleTests.framework */; };
		BB5EF3271E081EF40072A9DC /* GoogleService-Info.plist in Resources */ = {isa = PBXBuildFile; fileRef = BB5EF3261E081EF40072A9DC /* GoogleService-Info.plist */; };
		BB6B61B91E0A97DD00F0F56A /* CameraViewController.swift in Sources */ = {isa = PBXBuildFile; fileRef = BB6B61B81E0A97DD00F0F56A /* CameraViewController.swift */; };
		BB6B61BB1E0AA52E00F0F56A /* CameraViewControllerLogin.swift in Sources */ = {isa = PBXBuildFile; fileRef = BB6B61BA1E0AA52E00F0F56A /* CameraViewControllerLogin.swift */; };
		BB77EB851E003F0C00D6C9A7 /* white.gif in Resources */ = {isa = PBXBuildFile; fileRef = BB77EB841E003F0C00D6C9A7 /* white.gif */; };
		BB77EB871E003F3E00D6C9A7 /* checkboxD.png in Resources */ = {isa = PBXBuildFile; fileRef = BB77EB861E003F3E00D6C9A7 /* checkboxD.png */; };
		BB77EB891E0045C500D6C9A7 /* camera.png in Resources */ = {isa = PBXBuildFile; fileRef = BB77EB881E0045C500D6C9A7 /* camera.png */; };
		BB8785231DFECD0A003A7F76 /* PageViewControllerSearch.swift in Sources */ = {isa = PBXBuildFile; fileRef = BB8785221DFECD0A003A7F76 /* PageViewControllerSearch.swift */; };
		BB8785271DFEE887003A7F76 /* menu icon.png in Resources */ = {isa = PBXBuildFile; fileRef = BB8785261DFEE887003A7F76 /* menu icon.png */; };
		BB8785291DFEE980003A7F76 /* menuP.png in Resources */ = {isa = PBXBuildFile; fileRef = BB8785281DFEE980003A7F76 /* menuP.png */; };
		BB87852B1DFEE9F7003A7F76 /* menuD.png in Resources */ = {isa = PBXBuildFile; fileRef = BB87852A1DFEE9F7003A7F76 /* menuD.png */; };
		BB87852D1DFEEA46003A7F76 /* menu.png in Resources */ = {isa = PBXBuildFile; fileRef = BB87852C1DFEEA46003A7F76 /* menu.png */; };
		BB87852F1DFEEC9B003A7F76 /* TICKETS-NOW.png in Resources */ = {isa = PBXBuildFile; fileRef = BB87852E1DFEEC9B003A7F76 /* TICKETS-NOW.png */; };
		BB8785321DFEF93D003A7F76 /* Presentation.swift in Sources */ = {isa = PBXBuildFile; fileRef = BB8785311DFEF93D003A7F76 /* Presentation.swift */; };
		BB8785341DFF1507003A7F76 /* Registro.swift in Sources */ = {isa = PBXBuildFile; fileRef = BB8785331DFF1507003A7F76 /* Registro.swift */; };
		BB8785361DFF165D003A7F76 /* checkbox.gif in Resources */ = {isa = PBXBuildFile; fileRef = BB8785351DFF165D003A7F76 /* checkbox.gif */; };
		BB8785381DFF17C9003A7F76 /* selected.png in Resources */ = {isa = PBXBuildFile; fileRef = BB8785371DFF17C9003A7F76 /* selected.png */; };
		BB88D5591E018BFB0051F231 /* Login.swift in Sources */ = {isa = PBXBuildFile; fileRef = BB88D5581E018BFB0051F231 /* Login.swift */; };
		BBD28C761DF5B60400246AEF /* AppDelegate.swift in Sources */ = {isa = PBXBuildFile; fileRef = BBD28C751DF5B60400246AEF /* AppDelegate.swift */; };
		BBD28C7B1DF5B60400246AEF /* Main.storyboard in Resources */ = {isa = PBXBuildFile; fileRef = BBD28C791DF5B60400246AEF /* Main.storyboard */; };
		BBD28C7D1DF5B60400246AEF /* Assets.xcassets in Resources */ = {isa = PBXBuildFile; fileRef = BBD28C7C1DF5B60400246AEF /* Assets.xcassets */; };
		BBD28C801DF5B60400246AEF /* LaunchScreen.storyboard in Resources */ = {isa = PBXBuildFile; fileRef = BBD28C7E1DF5B60400246AEF /* LaunchScreen.storyboard */; };
		BBD28CA71DF5B77100246AEF /* SWRevealViewController.m in Sources */ = {isa = PBXBuildFile; fileRef = BBD28CA61DF5B77100246AEF /* SWRevealViewController.m */; };
		BBD28CA91DF5C13300246AEF /* Busqueda.swift in Sources */ = {isa = PBXBuildFile; fileRef = BBD28CA81DF5C13300246AEF /* Busqueda.swift */; };
		BBD28CAD1DF5C5EE00246AEF /* EditUser.swift in Sources */ = {isa = PBXBuildFile; fileRef = BBD28CAC1DF5C5EE00246AEF /* EditUser.swift */; };
		BBD28CAF1DF5C7AE00246AEF /* PageViewController.swift in Sources */ = {isa = PBXBuildFile; fileRef = BBD28CAE1DF5C7AE00246AEF /* PageViewController.swift */; };
		BBD28CB11DF5C7F000246AEF /* TicketConstant.swift in Sources */ = {isa = PBXBuildFile; fileRef = BBD28CB01DF5C7F000246AEF /* TicketConstant.swift */; };
		BBD28CB31DF5C80B00246AEF /* Ticket.swift in Sources */ = {isa = PBXBuildFile; fileRef = BBD28CB21DF5C80B00246AEF /* Ticket.swift */; };
		BBD28CB51DF5C84600246AEF /* CardViewController.swift in Sources */ = {isa = PBXBuildFile; fileRef = BBD28CB41DF5C84600246AEF /* CardViewController.swift */; };
		BBD28CB71DF5C87600246AEF /* TicketWebServer.swift in Sources */ = {isa = PBXBuildFile; fileRef = BBD28CB61DF5C87600246AEF /* TicketWebServer.swift */; };
		BBD28CB91DF5C8FE00246AEF /* ViewControllerProvider.swift in Sources */ = {isa = PBXBuildFile; fileRef = BBD28CB81DF5C8FE00246AEF /* ViewControllerProvider.swift */; };
		BBD438D61DF8230200386B7A /* TicketList.swift in Sources */ = {isa = PBXBuildFile; fileRef = BBD438D51DF8230200386B7A /* TicketList.swift */; };
/* End PBXBuildFile section */

/* Begin PBXContainerItemProxy section */
		BBD28C871DF5B60400246AEF /* PBXContainerItemProxy */ = {
			isa = PBXContainerItemProxy;
			containerPortal = BBD28C6A1DF5B60400246AEF /* Project object */;
			proxyType = 1;
			remoteGlobalIDString = BBD28C711DF5B60400246AEF;
			remoteInfo = sideBarMenuNav;
		};
		BBD28C921DF5B60400246AEF /* PBXContainerItemProxy */ = {
			isa = PBXContainerItemProxy;
			containerPortal = BBD28C6A1DF5B60400246AEF /* Project object */;
			proxyType = 1;
			remoteGlobalIDString = BBD28C711DF5B60400246AEF;
			remoteInfo = sideBarMenuNav;
		};
/* End PBXContainerItemProxy section */

/* Begin PBXFileReference section */
		15422519EB96C13670F8BF55 /* Pods-TicketReaderAppleUITests.release.xcconfig */ = {isa = PBXFileReference; includeInIndex = 1; lastKnownFileType = text.xcconfig; name = "Pods-TicketReaderAppleUITests.release.xcconfig"; path = "Pods/Target Support Files/Pods-TicketReaderAppleUITests/Pods-TicketReaderAppleUITests.release.xcconfig"; sourceTree = "<group>"; };
		27F707F3B042DF7D2ACD3ACD /* Pods-TicketReaderApple.debug.xcconfig */ = {isa = PBXFileReference; includeInIndex = 1; lastKnownFileType = text.xcconfig; name = "Pods-TicketReaderApple.debug.xcconfig"; path = "Pods/Target Support Files/Pods-TicketReaderApple/Pods-TicketReaderApple.debug.xcconfig"; sourceTree = "<group>"; };
		28A7F1C7A5F4ED51BAEFFCA4 /* Pods_TicketReaderAppleUITests.framework */ = {isa = PBXFileReference; explicitFileType = wrapper.framework; includeInIndex = 0; path = Pods_TicketReaderAppleUITests.framework; sourceTree = BUILT_PRODUCTS_DIR; };
		55087D3BBBDDB46ED91CE0CC /* Pods-TicketReaderAppleTests.debug.xcconfig */ = {isa = PBXFileReference; includeInIndex = 1; lastKnownFileType = text.xcconfig; name = "Pods-TicketReaderAppleTests.debug.xcconfig"; path = "Pods/Target Support Files/Pods-TicketReaderAppleTests/Pods-TicketReaderAppleTests.debug.xcconfig"; sourceTree = "<group>"; };
		5B1525E441B15FDE5647FCC1 /* Pods-TicketReaderApple.release.xcconfig */ = {isa = PBXFileReference; includeInIndex = 1; lastKnownFileType = text.xcconfig; name = "Pods-TicketReaderApple.release.xcconfig"; path = "Pods/Target Support Files/Pods-TicketReaderApple/Pods-TicketReaderApple.release.xcconfig"; sourceTree = "<group>"; };
		5C565D1E6F6C3242367A7054 /* Pods-TicketReaderAppleTests.release.xcconfig */ = {isa = PBXFileReference; includeInIndex = 1; lastKnownFileType = text.xcconfig; name = "Pods-TicketReaderAppleTests.release.xcconfig"; path = "Pods/Target Support Files/Pods-TicketReaderAppleTests/Pods-TicketReaderAppleTests.release.xcconfig"; sourceTree = "<group>"; };
		A197ACFFFB5C0018BD6C3ADB /* Pods_TicketReaderAppleTests.framework */ = {isa = PBXFileReference; explicitFileType = wrapper.framework; includeInIndex = 0; path = Pods_TicketReaderAppleTests.framework; sourceTree = BUILT_PRODUCTS_DIR; };
		BB546ADA1E0C31AE006B189B /* TicketReaderApple.entitlements */ = {isa = PBXFileReference; lastKnownFileType = text.plist.entitlements; path = TicketReaderApple.entitlements; sourceTree = SOURCE_ROOT; };
		BB5EF3261E081EF40072A9DC /* GoogleService-Info.plist */ = {isa = PBXFileReference; fileEncoding = 4; lastKnownFileType = text.plist.xml; path = "GoogleService-Info.plist"; sourceTree = "<group>"; };
		BB6B61B81E0A97DD00F0F56A /* CameraViewController.swift */ = {isa = PBXFileReference; fileEncoding = 4; lastKnownFileType = sourcecode.swift; path = CameraViewController.swift; sourceTree = "<group>"; };
		BB6B61BA1E0AA52E00F0F56A /* CameraViewControllerLogin.swift */ = {isa = PBXFileReference; fileEncoding = 4; lastKnownFileType = sourcecode.swift; path = CameraViewControllerLogin.swift; sourceTree = "<group>"; };
		BB77EB841E003F0C00D6C9A7 /* white.gif */ = {isa = PBXFileReference; lastKnownFileType = image.gif; path = white.gif; sourceTree = "<group>"; };
		BB77EB861E003F3E00D6C9A7 /* checkboxD.png */ = {isa = PBXFileReference; lastKnownFileType = image.png; path = checkboxD.png; sourceTree = "<group>"; };
		BB77EB881E0045C500D6C9A7 /* camera.png */ = {isa = PBXFileReference; lastKnownFileType = image.png; path = camera.png; sourceTree = "<group>"; };
		BB8785221DFECD0A003A7F76 /* PageViewControllerSearch.swift */ = {isa = PBXFileReference; fileEncoding = 4; lastKnownFileType = sourcecode.swift; path = PageViewControllerSearch.swift; sourceTree = "<group>"; };
		BB8785261DFEE887003A7F76 /* menu icon.png */ = {isa = PBXFileReference; lastKnownFileType = image.png; name = "menu icon.png"; path = "sideBarMenuNav/menu icon.png"; sourceTree = "<group>"; };
		BB8785281DFEE980003A7F76 /* menuP.png */ = {isa = PBXFileReference; lastKnownFileType = image.png; name = menuP.png; path = sideBarMenuNav/menuP.png; sourceTree = "<group>"; };
		BB87852A1DFEE9F7003A7F76 /* menuD.png */ = {isa = PBXFileReference; lastKnownFileType = image.png; name = menuD.png; path = sideBarMenuNav/menuD.png; sourceTree = "<group>"; };
		BB87852C1DFEEA46003A7F76 /* menu.png */ = {isa = PBXFileReference; lastKnownFileType = image.png; name = menu.png; path = sideBarMenuNav/menu.png; sourceTree = "<group>"; };
		BB87852E1DFEEC9B003A7F76 /* TICKETS-NOW.png */ = {isa = PBXFileReference; lastKnownFileType = image.png; name = "TICKETS-NOW.png"; path = "sideBarMenuNav/TICKETS-NOW.png"; sourceTree = "<group>"; };
		BB8785311DFEF93D003A7F76 /* Presentation.swift */ = {isa = PBXFileReference; fileEncoding = 4; lastKnownFileType = sourcecode.swift; path = Presentation.swift; sourceTree = "<group>"; };
		BB8785331DFF1507003A7F76 /* Registro.swift */ = {isa = PBXFileReference; fileEncoding = 4; lastKnownFileType = sourcecode.swift; path = Registro.swift; sourceTree = "<group>"; };
		BB8785351DFF165D003A7F76 /* checkbox.gif */ = {isa = PBXFileReference; lastKnownFileType = image.gif; path = checkbox.gif; sourceTree = "<group>"; };
		BB8785371DFF17C9003A7F76 /* selected.png */ = {isa = PBXFileReference; lastKnownFileType = image.png; path = selected.png; sourceTree = "<group>"; };
		BB88D5581E018BFB0051F231 /* Login.swift */ = {isa = PBXFileReference; fileEncoding = 4; lastKnownFileType = sourcecode.swift; path = Login.swift; sourceTree = "<group>"; };
		BBD28C721DF5B60400246AEF /* TicketReaderApple.app */ = {isa = PBXFileReference; explicitFileType = wrapper.application; includeInIndex = 0; path = TicketReaderApple.app; sourceTree = BUILT_PRODUCTS_DIR; };
		BBD28C751DF5B60400246AEF /* AppDelegate.swift */ = {isa = PBXFileReference; lastKnownFileType = sourcecode.swift; path = AppDelegate.swift; sourceTree = "<group>"; };
		BBD28C7A1DF5B60400246AEF /* Base */ = {isa = PBXFileReference; lastKnownFileType = file.storyboard; name = Base; path = Base.lproj/Main.storyboard; sourceTree = "<group>"; };
		BBD28C7C1DF5B60400246AEF /* Assets.xcassets */ = {isa = PBXFileReference; lastKnownFileType = folder.assetcatalog; path = Assets.xcassets; sourceTree = "<group>"; };
		BBD28C7F1DF5B60400246AEF /* Base */ = {isa = PBXFileReference; lastKnownFileType = file.storyboard; name = Base; path = Base.lproj/LaunchScreen.storyboard; sourceTree = "<group>"; };
		BBD28C811DF5B60400246AEF /* Info.plist */ = {isa = PBXFileReference; lastKnownFileType = text.plist.xml; path = Info.plist; sourceTree = "<group>"; };
		BBD28C861DF5B60400246AEF /* TicketReaderAppleTests.xctest */ = {isa = PBXFileReference; explicitFileType = wrapper.cfbundle; includeInIndex = 0; path = TicketReaderAppleTests.xctest; sourceTree = BUILT_PRODUCTS_DIR; };
		BBD28C911DF5B60400246AEF /* TicketReaderAppleUITests.xctest */ = {isa = PBXFileReference; explicitFileType = wrapper.cfbundle; includeInIndex = 0; path = TicketReaderAppleUITests.xctest; sourceTree = BUILT_PRODUCTS_DIR; };
		BBD28CA41DF5B77000246AEF /* sideBarMenuNav-Bridging-Header.h */ = {isa = PBXFileReference; lastKnownFileType = sourcecode.c.h; path = "sideBarMenuNav-Bridging-Header.h"; sourceTree = "<group>"; };
		BBD28CA51DF5B77100246AEF /* SWRevealViewController.h */ = {isa = PBXFileReference; fileEncoding = 4; lastKnownFileType = sourcecode.c.h; path = SWRevealViewController.h; sourceTree = "<group>"; };
		BBD28CA61DF5B77100246AEF /* SWRevealViewController.m */ = {isa = PBXFileReference; fileEncoding = 4; lastKnownFileType = sourcecode.c.objc; path = SWRevealViewController.m; sourceTree = "<group>"; };
		BBD28CA81DF5C13300246AEF /* Busqueda.swift */ = {isa = PBXFileReference; fileEncoding = 4; lastKnownFileType = sourcecode.swift; name = Busqueda.swift; path = ../Busqueda.swift; sourceTree = "<group>"; };
		BBD28CAC1DF5C5EE00246AEF /* EditUser.swift */ = {isa = PBXFileReference; fileEncoding = 4; lastKnownFileType = sourcecode.swift; path = EditUser.swift; sourceTree = "<group>"; };
		BBD28CAE1DF5C7AE00246AEF /* PageViewController.swift */ = {isa = PBXFileReference; fileEncoding = 4; lastKnownFileType = sourcecode.swift; path = PageViewController.swift; sourceTree = "<group>"; };
		BBD28CB01DF5C7F000246AEF /* TicketConstant.swift */ = {isa = PBXFileReference; fileEncoding = 4; lastKnownFileType = sourcecode.swift; path = TicketConstant.swift; sourceTree = "<group>"; };
		BBD28CB21DF5C80B00246AEF /* Ticket.swift */ = {isa = PBXFileReference; fileEncoding = 4; lastKnownFileType = sourcecode.swift; path = Ticket.swift; sourceTree = "<group>"; };
		BBD28CB41DF5C84600246AEF /* CardViewController.swift */ = {isa = PBXFileReference; fileEncoding = 4; lastKnownFileType = sourcecode.swift; path = CardViewController.swift; sourceTree = "<group>"; };
		BBD28CB61DF5C87600246AEF /* TicketWebServer.swift */ = {isa = PBXFileReference; fileEncoding = 4; lastKnownFileType = sourcecode.swift; path = TicketWebServer.swift; sourceTree = "<group>"; };
		BBD28CB81DF5C8FE00246AEF /* ViewControllerProvider.swift */ = {isa = PBXFileReference; fileEncoding = 4; lastKnownFileType = sourcecode.swift; path = ViewControllerProvider.swift; sourceTree = "<group>"; };
		BBD438D51DF8230200386B7A /* TicketList.swift */ = {isa = PBXFileReference; fileEncoding = 4; lastKnownFileType = sourcecode.swift; path = TicketList.swift; sourceTree = "<group>"; };
		CF104A8F438B11B3183B7895 /* Pods_TicketReaderApple.framework */ = {isa = PBXFileReference; explicitFileType = wrapper.framework; includeInIndex = 0; path = Pods_TicketReaderApple.framework; sourceTree = BUILT_PRODUCTS_DIR; };
		FA43570F1540C54B6FD606FA /* Pods-TicketReaderAppleUITests.debug.xcconfig */ = {isa = PBXFileReference; includeInIndex = 1; lastKnownFileType = text.xcconfig; name = "Pods-TicketReaderAppleUITests.debug.xcconfig"; path = "Pods/Target Support Files/Pods-TicketReaderAppleUITests/Pods-TicketReaderAppleUITests.debug.xcconfig"; sourceTree = "<group>"; };
/* End PBXFileReference section */

/* Begin PBXFrameworksBuildPhase section */
		BBD28C6F1DF5B60400246AEF /* Frameworks */ = {
			isa = PBXFrameworksBuildPhase;
			buildActionMask = 2147483647;
			files = (
				0BC848BFEF4490F9E7AE5467 /* Pods_TicketReaderApple.framework in Frameworks */,
			);
			runOnlyForDeploymentPostprocessing = 0;
		};
		BBD28C831DF5B60400246AEF /* Frameworks */ = {
			isa = PBXFrameworksBuildPhase;
			buildActionMask = 2147483647;
			files = (
				B3CE13F6AB27B5EC5E4ECBD4 /* Pods_TicketReaderAppleTests.framework in Frameworks */,
			);
			runOnlyForDeploymentPostprocessing = 0;
		};
		BBD28C8E1DF5B60400246AEF /* Frameworks */ = {
			isa = PBXFrameworksBuildPhase;
			buildActionMask = 2147483647;
			files = (
				0F1321742819B78CE5DDEE99 /* Pods_TicketReaderAppleUITests.framework in Frameworks */,
			);
			runOnlyForDeploymentPostprocessing = 0;
		};
/* End PBXFrameworksBuildPhase section */

/* Begin PBXGroup section */
		4184B8D6DF92E49B16478155 /* Pods */ = {
			isa = PBXGroup;
			children = (
				27F707F3B042DF7D2ACD3ACD /* Pods-TicketReaderApple.debug.xcconfig */,
				5B1525E441B15FDE5647FCC1 /* Pods-TicketReaderApple.release.xcconfig */,
				55087D3BBBDDB46ED91CE0CC /* Pods-TicketReaderAppleTests.debug.xcconfig */,
				5C565D1E6F6C3242367A7054 /* Pods-TicketReaderAppleTests.release.xcconfig */,
				FA43570F1540C54B6FD606FA /* Pods-TicketReaderAppleUITests.debug.xcconfig */,
				15422519EB96C13670F8BF55 /* Pods-TicketReaderAppleUITests.release.xcconfig */,
			);
			name = Pods;
			sourceTree = "<group>";
		};
		78BE481A601C51C8D7124E7D /* Frameworks */ = {
			isa = PBXGroup;
			children = (
				CF104A8F438B11B3183B7895 /* Pods_TicketReaderApple.framework */,
				A197ACFFFB5C0018BD6C3ADB /* Pods_TicketReaderAppleTests.framework */,
				28A7F1C7A5F4ED51BAEFFCA4 /* Pods_TicketReaderAppleUITests.framework */,
			);
			name = Frameworks;
			sourceTree = "<group>";
		};
		BB8785301DFEF26C003A7F76 /* Images */ = {
			isa = PBXGroup;
			children = (
				BB8785281DFEE980003A7F76 /* menuP.png */,
				BB87852E1DFEEC9B003A7F76 /* TICKETS-NOW.png */,
				BB87852C1DFEEA46003A7F76 /* menu.png */,
				BB8785351DFF165D003A7F76 /* checkbox.gif */,
				BB77EB881E0045C500D6C9A7 /* camera.png */,
				BB77EB841E003F0C00D6C9A7 /* white.gif */,
				BB77EB861E003F3E00D6C9A7 /* checkboxD.png */,
				BB8785371DFF17C9003A7F76 /* selected.png */,
				BB87852A1DFEE9F7003A7F76 /* menuD.png */,
				BB8785261DFEE887003A7F76 /* menu icon.png */,
			);
			name = Images;
			sourceTree = "<group>";
		};
		BBD28C691DF5B60400246AEF = {
			isa = PBXGroup;
			children = (
				BB5EF3261E081EF40072A9DC /* GoogleService-Info.plist */,
				BB8785301DFEF26C003A7F76 /* Images */,
				BBD28C741DF5B60400246AEF /* TicketReaderApple */,
				BBD28C731DF5B60400246AEF /* Products */,
				4184B8D6DF92E49B16478155 /* Pods */,
				78BE481A601C51C8D7124E7D /* Frameworks */,
			);
			sourceTree = "<group>";
		};
		BBD28C731DF5B60400246AEF /* Products */ = {
			isa = PBXGroup;
			children = (
				BBD28C721DF5B60400246AEF /* TicketReaderApple.app */,
				BBD28C861DF5B60400246AEF /* TicketReaderAppleTests.xctest */,
				BBD28C911DF5B60400246AEF /* TicketReaderAppleUITests.xctest */,
			);
			name = Products;
			sourceTree = "<group>";
		};
		BBD28C741DF5B60400246AEF /* TicketReaderApple */ = {
			isa = PBXGroup;
			children = (
				BB546ADA1E0C31AE006B189B /* TicketReaderApple.entitlements */,
				BBD28CA31DF5B61600246AEF /* SWRevealViewController */,
				BBD28C751DF5B60400246AEF /* AppDelegate.swift */,
				BBD28CA81DF5C13300246AEF /* Busqueda.swift */,
				BBD28CAC1DF5C5EE00246AEF /* EditUser.swift */,
				BBD28C791DF5B60400246AEF /* Main.storyboard */,
				BBD28C7C1DF5B60400246AEF /* Assets.xcassets */,
				BBD28C7E1DF5B60400246AEF /* LaunchScreen.storyboard */,
				BBD28C811DF5B60400246AEF /* Info.plist */,
				BBD28CAE1DF5C7AE00246AEF /* PageViewController.swift */,
				BBD28CB01DF5C7F000246AEF /* TicketConstant.swift */,
				BBD28CB21DF5C80B00246AEF /* Ticket.swift */,
				BBD28CB41DF5C84600246AEF /* CardViewController.swift */,
				BBD28CB61DF5C87600246AEF /* TicketWebServer.swift */,
				BBD28CB81DF5C8FE00246AEF /* ViewControllerProvider.swift */,
				BBD438D51DF8230200386B7A /* TicketList.swift */,
				BB8785221DFECD0A003A7F76 /* PageViewControllerSearch.swift */,
				BB8785311DFEF93D003A7F76 /* Presentation.swift */,
				BB8785331DFF1507003A7F76 /* Registro.swift */,
				BB88D5581E018BFB0051F231 /* Login.swift */,
				BB6B61B81E0A97DD00F0F56A /* CameraViewController.swift */,
				BB6B61BA1E0AA52E00F0F56A /* CameraViewControllerLogin.swift */,
			);
			name = TicketReaderApple;
			path = sideBarMenuNav;
			sourceTree = "<group>";
		};
		BBD28CA31DF5B61600246AEF /* SWRevealViewController */ = {
			isa = PBXGroup;
			children = (
				BBD28CA51DF5B77100246AEF /* SWRevealViewController.h */,
				BBD28CA61DF5B77100246AEF /* SWRevealViewController.m */,
				BBD28CA41DF5B77000246AEF /* sideBarMenuNav-Bridging-Header.h */,
			);
			name = SWRevealViewController;
			sourceTree = "<group>";
		};
/* End PBXGroup section */

/* Begin PBXNativeTarget section */
		BBD28C711DF5B60400246AEF /* TicketReaderApple */ = {
			isa = PBXNativeTarget;
			buildConfigurationList = BBD28C9A1DF5B60400246AEF /* Build configuration list for PBXNativeTarget "TicketReaderApple" */;
			buildPhases = (
				63101FB5E3CE4D64B7793CFB /* [CP] Check Pods Manifest.lock */,
				BBD28C6E1DF5B60400246AEF /* Sources */,
				BBD28C6F1DF5B60400246AEF /* Frameworks */,
				BBD28C701DF5B60400246AEF /* Resources */,
				1468EE61ED2C421B13CEA4E5 /* [CP] Embed Pods Frameworks */,
				C1DC0E99161D6A187214C83C /* [CP] Copy Pods Resources */,
			);
			buildRules = (
			);
			dependencies = (
			);
			name = TicketReaderApple;
			productName = sideBarMenuNav;
			productReference = BBD28C721DF5B60400246AEF /* TicketReaderApple.app */;
			productType = "com.apple.product-type.application";
		};
		BBD28C851DF5B60400246AEF /* TicketReaderAppleTests */ = {
			isa = PBXNativeTarget;
			buildConfigurationList = BBD28C9D1DF5B60400246AEF /* Build configuration list for PBXNativeTarget "TicketReaderAppleTests" */;
			buildPhases = (
				A30D8B652D31DC7FF8754B75 /* [CP] Check Pods Manifest.lock */,
				BBD28C821DF5B60400246AEF /* Sources */,
				BBD28C831DF5B60400246AEF /* Frameworks */,
				BBD28C841DF5B60400246AEF /* Resources */,
				2A0017E999E127156727DD0D /* [CP] Embed Pods Frameworks */,
				7B01AC62C9552C529B354BAD /* [CP] Copy Pods Resources */,
			);
			buildRules = (
			);
			dependencies = (
				BBD28C881DF5B60400246AEF /* PBXTargetDependency */,
			);
			name = TicketReaderAppleTests;
			productName = sideBarMenuNavTests;
			productReference = BBD28C861DF5B60400246AEF /* TicketReaderAppleTests.xctest */;
			productType = "com.apple.product-type.bundle.unit-test";
		};
		BBD28C901DF5B60400246AEF /* TicketReaderAppleUITests */ = {
			isa = PBXNativeTarget;
			buildConfigurationList = BBD28CA01DF5B60400246AEF /* Build configuration list for PBXNativeTarget "TicketReaderAppleUITests" */;
			buildPhases = (
				A7B9A688B806EE3DEE76C7EB /* [CP] Check Pods Manifest.lock */,
				BBD28C8D1DF5B60400246AEF /* Sources */,
				BBD28C8E1DF5B60400246AEF /* Frameworks */,
				BBD28C8F1DF5B60400246AEF /* Resources */,
				78939B9582DD1793D748259E /* [CP] Embed Pods Frameworks */,
				762FE4C88112E57608DFE4F5 /* [CP] Copy Pods Resources */,
			);
			buildRules = (
			);
			dependencies = (
				BBD28C931DF5B60400246AEF /* PBXTargetDependency */,
			);
			name = TicketReaderAppleUITests;
			productName = sideBarMenuNavUITests;
			productReference = BBD28C911DF5B60400246AEF /* TicketReaderAppleUITests.xctest */;
			productType = "com.apple.product-type.bundle.ui-testing";
		};
/* End PBXNativeTarget section */

/* Begin PBXProject section */
		BBD28C6A1DF5B60400246AEF /* Project object */ = {
			isa = PBXProject;
			attributes = {
				LastSwiftUpdateCheck = 0810;
				LastUpgradeCheck = 0810;
				ORGANIZATIONNAME = "Miguel Angel Luna";
				TargetAttributes = {
					BBD28C711DF5B60400246AEF = {
						CreatedOnToolsVersion = 8.1;
						DevelopmentTeam = C9698KUH57;
						LastSwiftMigration = 0810;
						ProvisioningStyle = Automatic;
						SystemCapabilities = {
							com.apple.BackgroundModes = {
								enabled = 1;
							};
							com.apple.Push = {
								enabled = 1;
							};
						};
					};
					BBD28C851DF5B60400246AEF = {
						CreatedOnToolsVersion = 8.1;
						DevelopmentTeam = C9698KUH57;
						ProvisioningStyle = Automatic;
						TestTargetID = BBD28C711DF5B60400246AEF;
					};
					BBD28C901DF5B60400246AEF = {
						CreatedOnToolsVersion = 8.1;
						DevelopmentTeam = C9698KUH57;
						ProvisioningStyle = Automatic;
						TestTargetID = BBD28C711DF5B60400246AEF;
					};
				};
			};
			buildConfigurationList = BBD28C6D1DF5B60400246AEF /* Build configuration list for PBXProject "TicketReaderApple" */;
			compatibilityVersion = "Xcode 3.2";
			developmentRegion = English;
			hasScannedForEncodings = 0;
			knownRegions = (
				en,
				Base,
			);
			mainGroup = BBD28C691DF5B60400246AEF;
			productRefGroup = BBD28C731DF5B60400246AEF /* Products */;
			projectDirPath = "";
			projectRoot = "";
			targets = (
				BBD28C711DF5B60400246AEF /* TicketReaderApple */,
				BBD28C851DF5B60400246AEF /* TicketReaderAppleTests */,
				BBD28C901DF5B60400246AEF /* TicketReaderAppleUITests */,
			);
		};
/* End PBXProject section */

/* Begin PBXResourcesBuildPhase section */
		BBD28C701DF5B60400246AEF /* Resources */ = {
			isa = PBXResourcesBuildPhase;
			buildActionMask = 2147483647;
			files = (
				BB87852D1DFEEA46003A7F76 /* menu.png in Resources */,
				BB77EB871E003F3E00D6C9A7 /* checkboxD.png in Resources */,
				BB8785361DFF165D003A7F76 /* checkbox.gif in Resources */,
				BB77EB851E003F0C00D6C9A7 /* white.gif in Resources */,
				BBD28C801DF5B60400246AEF /* LaunchScreen.storyboard in Resources */,
				BBD28C7D1DF5B60400246AEF /* Assets.xcassets in Resources */,
				BB8785381DFF17C9003A7F76 /* selected.png in Resources */,
				BB77EB891E0045C500D6C9A7 /* camera.png in Resources */,
				BB8785291DFEE980003A7F76 /* menuP.png in Resources */,
				BBD28C7B1DF5B60400246AEF /* Main.storyboard in Resources */,
				BB87852B1DFEE9F7003A7F76 /* menuD.png in Resources */,
				BB8785271DFEE887003A7F76 /* menu icon.png in Resources */,
				BB87852F1DFEEC9B003A7F76 /* TICKETS-NOW.png in Resources */,
				BB5EF3271E081EF40072A9DC /* GoogleService-Info.plist in Resources */,
			);
			runOnlyForDeploymentPostprocessing = 0;
		};
		BBD28C841DF5B60400246AEF /* Resources */ = {
			isa = PBXResourcesBuildPhase;
			buildActionMask = 2147483647;
			files = (
			);
			runOnlyForDeploymentPostprocessing = 0;
		};
		BBD28C8F1DF5B60400246AEF /* Resources */ = {
			isa = PBXResourcesBuildPhase;
			buildActionMask = 2147483647;
			files = (
			);
			runOnlyForDeploymentPostprocessing = 0;
		};
/* End PBXResourcesBuildPhase section */

/* Begin PBXShellScriptBuildPhase section */
		1468EE61ED2C421B13CEA4E5 /* [CP] Embed Pods Frameworks */ = {
			isa = PBXShellScriptBuildPhase;
			buildActionMask = 2147483647;
			files = (
			);
			inputPaths = (
			);
			name = "[CP] Embed Pods Frameworks";
			outputPaths = (
			);
			runOnlyForDeploymentPostprocessing = 0;
			shellPath = /bin/sh;
			shellScript = "\"${SRCROOT}/Pods/Target Support Files/Pods-TicketReaderApple/Pods-TicketReaderApple-frameworks.sh\"\n";
			showEnvVarsInLog = 0;
		};
		2A0017E999E127156727DD0D /* [CP] Embed Pods Frameworks */ = {
			isa = PBXShellScriptBuildPhase;
			buildActionMask = 2147483647;
			files = (
			);
			inputPaths = (
			);
			name = "[CP] Embed Pods Frameworks";
			outputPaths = (
			);
			runOnlyForDeploymentPostprocessing = 0;
			shellPath = /bin/sh;
			shellScript = "\"${SRCROOT}/Pods/Target Support Files/Pods-TicketReaderAppleTests/Pods-TicketReaderAppleTests-frameworks.sh\"\n";
			showEnvVarsInLog = 0;
		};
		63101FB5E3CE4D64B7793CFB /* [CP] Check Pods Manifest.lock */ = {
			isa = PBXShellScriptBuildPhase;
			buildActionMask = 2147483647;
			files = (
			);
			inputPaths = (
			);
			name = "[CP] Check Pods Manifest.lock";
			outputPaths = (
			);
			runOnlyForDeploymentPostprocessing = 0;
			shellPath = /bin/sh;
			shellScript = "diff \"${PODS_ROOT}/../Podfile.lock\" \"${PODS_ROOT}/Manifest.lock\" > /dev/null\nif [ $? != 0 ] ; then\n    # print error to STDERR\n    echo \"error: The sandbox is not in sync with the Podfile.lock. Run 'pod install' or update your CocoaPods installation.\" >&2\n    exit 1\nfi\n";
			showEnvVarsInLog = 0;
		};
		762FE4C88112E57608DFE4F5 /* [CP] Copy Pods Resources */ = {
			isa = PBXShellScriptBuildPhase;
			buildActionMask = 2147483647;
			files = (
			);
			inputPaths = (
			);
			name = "[CP] Copy Pods Resources";
			outputPaths = (
			);
			runOnlyForDeploymentPostprocessing = 0;
			shellPath = /bin/sh;
			shellScript = "\"${SRCROOT}/Pods/Target Support Files/Pods-TicketReaderAppleUITests/Pods-TicketReaderAppleUITests-resources.sh\"\n";
			showEnvVarsInLog = 0;
		};
		78939B9582DD1793D748259E /* [CP] Embed Pods Frameworks */ = {
			isa = PBXShellScriptBuildPhase;
			buildActionMask = 2147483647;
			files = (
			);
			inputPaths = (
			);
			name = "[CP] Embed Pods Frameworks";
			outputPaths = (
			);
			runOnlyForDeploymentPostprocessing = 0;
			shellPath = /bin/sh;
			shellScript = "\"${SRCROOT}/Pods/Target Support Files/Pods-TicketReaderAppleUITests/Pods-TicketReaderAppleUITests-frameworks.sh\"\n";
			showEnvVarsInLog = 0;
		};
		7B01AC62C9552C529B354BAD /* [CP] Copy Pods Resources */ = {
			isa = PBXShellScriptBuildPhase;
			buildActionMask = 2147483647;
			files = (
			);
			inputPaths = (
			);
			name = "[CP] Copy Pods Resources";
			outputPaths = (
			);
			runOnlyForDeploymentPostprocessing = 0;
			shellPath = /bin/sh;
			shellScript = "\"${SRCROOT}/Pods/Target Support Files/Pods-TicketReaderAppleTests/Pods-TicketReaderAppleTests-resources.sh\"\n";
			showEnvVarsInLog = 0;
		};
		A30D8B652D31DC7FF8754B75 /* [CP] Check Pods Manifest.lock */ = {
			isa = PBXShellScriptBuildPhase;
			buildActionMask = 2147483647;
			files = (
			);
			inputPaths = (
			);
			name = "[CP] Check Pods Manifest.lock";
			outputPaths = (
			);
			runOnlyForDeploymentPostprocessing = 0;
			shellPath = /bin/sh;
			shellScript = "diff \"${PODS_ROOT}/../Podfile.lock\" \"${PODS_ROOT}/Manifest.lock\" > /dev/null\nif [ $? != 0 ] ; then\n    # print error to STDERR\n    echo \"error: The sandbox is not in sync with the Podfile.lock. Run 'pod install' or update your CocoaPods installation.\" >&2\n    exit 1\nfi\n";
			showEnvVarsInLog = 0;
		};
		A7B9A688B806EE3DEE76C7EB /* [CP] Check Pods Manifest.lock */ = {
			isa = PBXShellScriptBuildPhase;
			buildActionMask = 2147483647;
			files = (
			);
			inputPaths = (
			);
			name = "[CP] Check Pods Manifest.lock";
			outputPaths = (
			);
			runOnlyForDeploymentPostprocessing = 0;
			shellPath = /bin/sh;
			shellScript = "diff \"${PODS_ROOT}/../Podfile.lock\" \"${PODS_ROOT}/Manifest.lock\" > /dev/null\nif [ $? != 0 ] ; then\n    # print error to STDERR\n    echo \"error: The sandbox is not in sync with the Podfile.lock. Run 'pod install' or update your CocoaPods installation.\" >&2\n    exit 1\nfi\n";
			showEnvVarsInLog = 0;
		};
		C1DC0E99161D6A187214C83C /* [CP] Copy Pods Resources */ = {
			isa = PBXShellScriptBuildPhase;
			buildActionMask = 2147483647;
			files = (
			);
			inputPaths = (
			);
			name = "[CP] Copy Pods Resources";
			outputPaths = (
			);
			runOnlyForDeploymentPostprocessing = 0;
			shellPath = /bin/sh;
			shellScript = "\"${SRCROOT}/Pods/Target Support Files/Pods-TicketReaderApple/Pods-TicketReaderApple-resources.sh\"\n";
			showEnvVarsInLog = 0;
		};
/* End PBXShellScriptBuildPhase section */

/* Begin PBXSourcesBuildPhase section */
		BBD28C6E1DF5B60400246AEF /* Sources */ = {
			isa = PBXSourcesBuildPhase;
			buildActionMask = 2147483647;
			files = (
				BB8785231DFECD0A003A7F76 /* PageViewControllerSearch.swift in Sources */,
				BBD28CAF1DF5C7AE00246AEF /* PageViewController.swift in Sources */,
				BB8785341DFF1507003A7F76 /* Registro.swift in Sources */,
				BBD28C761DF5B60400246AEF /* AppDelegate.swift in Sources */,
				BBD28CA71DF5B77100246AEF /* SWRevealViewController.m in Sources */,
				BBD438D61DF8230200386B7A /* TicketList.swift in Sources */,
				BB88D5591E018BFB0051F231 /* Login.swift in Sources */,
				BBD28CB31DF5C80B00246AEF /* Ticket.swift in Sources */,
				BB8785321DFEF93D003A7F76 /* Presentation.swift in Sources */,
				BBD28CA91DF5C13300246AEF /* Busqueda.swift in Sources */,
				BBD28CB11DF5C7F000246AEF /* TicketConstant.swift in Sources */,
				BBD28CAD1DF5C5EE00246AEF /* EditUser.swift in Sources */,
				BB6B61BB1E0AA52E00F0F56A /* CameraViewControllerLogin.swift in Sources */,
				BBD28CB51DF5C84600246AEF /* CardViewController.swift in Sources */,
				BB6B61B91E0A97DD00F0F56A /* CameraViewController.swift in Sources */,
				BBD28CB91DF5C8FE00246AEF /* ViewControllerProvider.swift in Sources */,
				BBD28CB71DF5C87600246AEF /* TicketWebServer.swift in Sources */,
			);
			runOnlyForDeploymentPostprocessing = 0;
		};
		BBD28C821DF5B60400246AEF /* Sources */ = {
			isa = PBXSourcesBuildPhase;
			buildActionMask = 2147483647;
			files = (
			);
			runOnlyForDeploymentPostprocessing = 0;
		};
		BBD28C8D1DF5B60400246AEF /* Sources */ = {
			isa = PBXSourcesBuildPhase;
			buildActionMask = 2147483647;
			files = (
			);
			runOnlyForDeploymentPostprocessing = 0;
		};
/* End PBXSourcesBuildPhase section */

/* Begin PBXTargetDependency section */
		BBD28C881DF5B60400246AEF /* PBXTargetDependency */ = {
			isa = PBXTargetDependency;
			target = BBD28C711DF5B60400246AEF /* TicketReaderApple */;
			targetProxy = BBD28C871DF5B60400246AEF /* PBXContainerItemProxy */;
		};
		BBD28C931DF5B60400246AEF /* PBXTargetDependency */ = {
			isa = PBXTargetDependency;
			target = BBD28C711DF5B60400246AEF /* TicketReaderApple */;
			targetProxy = BBD28C921DF5B60400246AEF /* PBXContainerItemProxy */;
		};
/* End PBXTargetDependency section */

/* Begin PBXVariantGroup section */
		BBD28C791DF5B60400246AEF /* Main.storyboard */ = {
			isa = PBXVariantGroup;
			children = (
				BBD28C7A1DF5B60400246AEF /* Base */,
			);
			name = Main.storyboard;
			sourceTree = "<group>";
		};
		BBD28C7E1DF5B60400246AEF /* LaunchScreen.storyboard */ = {
			isa = PBXVariantGroup;
			children = (
				BBD28C7F1DF5B60400246AEF /* Base */,
			);
			name = LaunchScreen.storyboard;
			sourceTree = "<group>";
		};
/* End PBXVariantGroup section */

/* Begin XCBuildConfiguration section */
		BBD28C981DF5B60400246AEF /* Debug */ = {
			isa = XCBuildConfiguration;
			buildSettings = {
				ALWAYS_SEARCH_USER_PATHS = NO;
				CLANG_ANALYZER_NONNULL = YES;
				CLANG_CXX_LANGUAGE_STANDARD = "gnu++0x";
				CLANG_CXX_LIBRARY = "libc++";
				CLANG_ENABLE_MODULES = YES;
				CLANG_ENABLE_OBJC_ARC = YES;
				CLANG_WARN_BOOL_CONVERSION = YES;
				CLANG_WARN_CONSTANT_CONVERSION = YES;
				CLANG_WARN_DIRECT_OBJC_ISA_USAGE = YES_ERROR;
				CLANG_WARN_DOCUMENTATION_COMMENTS = YES;
				CLANG_WARN_EMPTY_BODY = YES;
				CLANG_WARN_ENUM_CONVERSION = YES;
				CLANG_WARN_INFINITE_RECURSION = YES;
				CLANG_WARN_INT_CONVERSION = YES;
				CLANG_WARN_OBJC_ROOT_CLASS = YES_ERROR;
				CLANG_WARN_SUSPICIOUS_MOVES = YES;
				CLANG_WARN_UNREACHABLE_CODE = YES;
				CLANG_WARN__DUPLICATE_METHOD_MATCH = YES;
				"CODE_SIGN_IDENTITY[sdk=iphoneos*]" = "iPhone Developer";
				COPY_PHASE_STRIP = NO;
				DEBUG_INFORMATION_FORMAT = dwarf;
				ENABLE_STRICT_OBJC_MSGSEND = YES;
				ENABLE_TESTABILITY = YES;
				GCC_C_LANGUAGE_STANDARD = gnu99;
				GCC_DYNAMIC_NO_PIC = NO;
				GCC_NO_COMMON_BLOCKS = YES;
				GCC_OPTIMIZATION_LEVEL = 0;
				GCC_PREPROCESSOR_DEFINITIONS = (
					"DEBUG=1",
					"$(inherited)",
				);
				GCC_WARN_64_TO_32_BIT_CONVERSION = YES;
				GCC_WARN_ABOUT_RETURN_TYPE = YES_ERROR;
				GCC_WARN_UNDECLARED_SELECTOR = YES;
				GCC_WARN_UNINITIALIZED_AUTOS = YES_AGGRESSIVE;
				GCC_WARN_UNUSED_FUNCTION = YES;
				GCC_WARN_UNUSED_VARIABLE = YES;
				IPHONEOS_DEPLOYMENT_TARGET = 10.1;
				MTL_ENABLE_DEBUG_INFO = YES;
				ONLY_ACTIVE_ARCH = YES;
				SDKROOT = iphoneos;
				SWIFT_ACTIVE_COMPILATION_CONDITIONS = DEBUG;
				SWIFT_OPTIMIZATION_LEVEL = "-Onone";
				TARGETED_DEVICE_FAMILY = "1,2";
			};
			name = Debug;
		};
		BBD28C991DF5B60400246AEF /* Release */ = {
			isa = XCBuildConfiguration;
			buildSettings = {
				ALWAYS_SEARCH_USER_PATHS = NO;
				CLANG_ANALYZER_NONNULL = YES;
				CLANG_CXX_LANGUAGE_STANDARD = "gnu++0x";
				CLANG_CXX_LIBRARY = "libc++";
				CLANG_ENABLE_MODULES = YES;
				CLANG_ENABLE_OBJC_ARC = YES;
				CLANG_WARN_BOOL_CONVERSION = YES;
				CLANG_WARN_CONSTANT_CONVERSION = YES;
				CLANG_WARN_DIRECT_OBJC_ISA_USAGE = YES_ERROR;
				CLANG_WARN_DOCUMENTATION_COMMENTS = YES;
				CLANG_WARN_EMPTY_BODY = YES;
				CLANG_WARN_ENUM_CONVERSION = YES;
				CLANG_WARN_INFINITE_RECURSION = YES;
				CLANG_WARN_INT_CONVERSION = YES;
				CLANG_WARN_OBJC_ROOT_CLASS = YES_ERROR;
				CLANG_WARN_SUSPICIOUS_MOVES = YES;
				CLANG_WARN_UNREACHABLE_CODE = YES;
				CLANG_WARN__DUPLICATE_METHOD_MATCH = YES;
				"CODE_SIGN_IDENTITY[sdk=iphoneos*]" = "iPhone Developer";
				COPY_PHASE_STRIP = NO;
				DEBUG_INFORMATION_FORMAT = "dwarf-with-dsym";
				ENABLE_NS_ASSERTIONS = NO;
				ENABLE_STRICT_OBJC_MSGSEND = YES;
				GCC_C_LANGUAGE_STANDARD = gnu99;
				GCC_NO_COMMON_BLOCKS = YES;
				GCC_WARN_64_TO_32_BIT_CONVERSION = YES;
				GCC_WARN_ABOUT_RETURN_TYPE = YES_ERROR;
				GCC_WARN_UNDECLARED_SELECTOR = YES;
				GCC_WARN_UNINITIALIZED_AUTOS = YES_AGGRESSIVE;
				GCC_WARN_UNUSED_FUNCTION = YES;
				GCC_WARN_UNUSED_VARIABLE = YES;
				IPHONEOS_DEPLOYMENT_TARGET = 10.1;
				MTL_ENABLE_DEBUG_INFO = NO;
				SDKROOT = iphoneos;
				SWIFT_OPTIMIZATION_LEVEL = "-Owholemodule";
				TARGETED_DEVICE_FAMILY = "1,2";
				VALIDATE_PRODUCT = YES;
			};
			name = Release;
		};
		BBD28C9B1DF5B60400246AEF /* Debug */ = {
			isa = XCBuildConfiguration;
			baseConfigurationReference = 27F707F3B042DF7D2ACD3ACD /* Pods-TicketReaderApple.debug.xcconfig */;
			buildSettings = {
				ASSETCATALOG_COMPILER_APPICON_NAME = AppIcon;
				CLANG_ENABLE_MODULES = YES;
				CODE_SIGN_ENTITLEMENTS = TicketReaderApple.entitlements;
				DEVELOPMENT_TEAM = C9698KUH57;
				INFOPLIST_FILE = sideBarMenuNav/Info.plist;
				IPHONEOS_DEPLOYMENT_TARGET = 10.2;
				LD_RUNPATH_SEARCH_PATHS = "$(inherited) @executable_path/Frameworks";
				PRODUCT_BUNDLE_IDENTIFIER = DisaTec.TicketReader;
				PRODUCT_NAME = "$(TARGET_NAME)";
				SWIFT_OBJC_BRIDGING_HEADER = "sideBarMenuNav/sideBarMenuNav-Bridging-Header.h";
				SWIFT_OPTIMIZATION_LEVEL = "-Onone";
				SWIFT_VERSION = 3.0;
			};
			name = Debug;
		};
		BBD28C9C1DF5B60400246AEF /* Release */ = {
			isa = XCBuildConfiguration;
			baseConfigurationReference = 5B1525E441B15FDE5647FCC1 /* Pods-TicketReaderApple.release.xcconfig */;
			buildSettings = {
				ASSETCATALOG_COMPILER_APPICON_NAME = AppIcon;
				CLANG_ENABLE_MODULES = YES;
				CODE_SIGN_ENTITLEMENTS = TicketReaderApple.entitlements;
				DEVELOPMENT_TEAM = C9698KUH57;
				INFOPLIST_FILE = sideBarMenuNav/Info.plist;
				IPHONEOS_DEPLOYMENT_TARGET = 10.2;
				LD_RUNPATH_SEARCH_PATHS = "$(inherited) @executable_path/Frameworks";
				PRODUCT_BUNDLE_IDENTIFIER = DisaTec.TicketReader;
				PRODUCT_NAME = "$(TARGET_NAME)";
				SWIFT_OBJC_BRIDGING_HEADER = "sideBarMenuNav/sideBarMenuNav-Bridging-Header.h";
				SWIFT_VERSION = 3.0;
			};
			name = Release;
		};
		BBD28C9E1DF5B60400246AEF /* Debug */ = {
			isa = XCBuildConfiguration;
			baseConfigurationReference = 55087D3BBBDDB46ED91CE0CC /* Pods-TicketReaderAppleTests.debug.xcconfig */;
			buildSettings = {
				ALWAYS_EMBED_SWIFT_STANDARD_LIBRARIES = YES;
				BUNDLE_LOADER = "$(TEST_HOST)";
				DEVELOPMENT_TEAM = C9698KUH57;
				INFOPLIST_FILE = sideBarMenuNavTests/Info.plist;
				LD_RUNPATH_SEARCH_PATHS = "$(inherited) @executable_path/Frameworks @loader_path/Frameworks";
				PRODUCT_BUNDLE_IDENTIFIER = DisaTec.sideBarMenuNavTests;
				PRODUCT_NAME = "$(TARGET_NAME)";
				SWIFT_VERSION = 3.0;
				TEST_HOST = "$(BUILT_PRODUCTS_DIR)/TicketReaderApple.app/TicketReaderApple";
			};
			name = Debug;
		};
		BBD28C9F1DF5B60400246AEF /* Release */ = {
			isa = XCBuildConfiguration;
			baseConfigurationReference = 5C565D1E6F6C3242367A7054 /* Pods-TicketReaderAppleTests.release.xcconfig */;
			buildSettings = {
				ALWAYS_EMBED_SWIFT_STANDARD_LIBRARIES = YES;
				BUNDLE_LOADER = "$(TEST_HOST)";
				DEVELOPMENT_TEAM = C9698KUH57;
				INFOPLIST_FILE = sideBarMenuNavTests/Info.plist;
				LD_RUNPATH_SEARCH_PATHS = "$(inherited) @executable_path/Frameworks @loader_path/Frameworks";
				PRODUCT_BUNDLE_IDENTIFIER = DisaTec.sideBarMenuNavTests;
				PRODUCT_NAME = "$(TARGET_NAME)";
				SWIFT_VERSION = 3.0;
				TEST_HOST = "$(BUILT_PRODUCTS_DIR)/TicketReaderApple.app/TicketReaderApple";
			};
			name = Release;
		};
		BBD28CA11DF5B60400246AEF /* Debug */ = {
			isa = XCBuildConfiguration;
			baseConfigurationReference = FA43570F1540C54B6FD606FA /* Pods-TicketReaderAppleUITests.debug.xcconfig */;
			buildSettings = {
				ALWAYS_EMBED_SWIFT_STANDARD_LIBRARIES = YES;
				DEVELOPMENT_TEAM = C9698KUH57;
				INFOPLIST_FILE = sideBarMenuNavUITests/Info.plist;
				LD_RUNPATH_SEARCH_PATHS = "$(inherited) @executable_path/Frameworks @loader_path/Frameworks";
				PRODUCT_BUNDLE_IDENTIFIER = DisaTec.sideBarMenuNavUITests;
				PRODUCT_NAME = "$(TARGET_NAME)";
				SWIFT_VERSION = 3.0;
				TEST_TARGET_NAME = sideBarMenuNav;
			};
			name = Debug;
		};
		BBD28CA21DF5B60400246AEF /* Release */ = {
			isa = XCBuildConfiguration;
			baseConfigurationReference = 15422519EB96C13670F8BF55 /* Pods-TicketReaderAppleUITests.release.xcconfig */;
			buildSettings = {
				ALWAYS_EMBED_SWIFT_STANDARD_LIBRARIES = YES;
				DEVELOPMENT_TEAM = C9698KUH57;
				INFOPLIST_FILE = sideBarMenuNavUITests/Info.plist;
				LD_RUNPATH_SEARCH_PATHS = "$(inherited) @executable_path/Frameworks @loader_path/Frameworks";
				PRODUCT_BUNDLE_IDENTIFIER = DisaTec.sideBarMenuNavUITests;
				PRODUCT_NAME = "$(TARGET_NAME)";
				SWIFT_VERSION = 3.0;
				TEST_TARGET_NAME = sideBarMenuNav;
			};
			name = Release;
		};
/* End XCBuildConfiguration section */

/* Begin XCConfigurationList section */
		BBD28C6D1DF5B60400246AEF /* Build configuration list for PBXProject "TicketReaderApple" */ = {
			isa = XCConfigurationList;
			buildConfigurations = (
				BBD28C981DF5B60400246AEF /* Debug */,
				BBD28C991DF5B60400246AEF /* Release */,
			);
			defaultConfigurationIsVisible = 0;
			defaultConfigurationName = Release;
		};
		BBD28C9A1DF5B60400246AEF /* Build configuration list for PBXNativeTarget "TicketReaderApple" */ = {
			isa = XCConfigurationList;
			buildConfigurations = (
				BBD28C9B1DF5B60400246AEF /* Debug */,
				BBD28C9C1DF5B60400246AEF /* Release */,
			);
			defaultConfigurationIsVisible = 0;
			defaultConfigurationName = Release;
		};
		BBD28C9D1DF5B60400246AEF /* Build configuration list for PBXNativeTarget "TicketReaderAppleTests" */ = {
			isa = XCConfigurationList;
			buildConfigurations = (
				BBD28C9E1DF5B60400246AEF /* Debug */,
				BBD28C9F1DF5B60400246AEF /* Release */,
			);
			defaultConfigurationIsVisible = 0;
			defaultConfigurationName = Release;
		};
		BBD28CA01DF5B60400246AEF /* Build configuration list for PBXNativeTarget "TicketReaderAppleUITests" */ = {
			isa = XCConfigurationList;
			buildConfigurations = (
				BBD28CA11DF5B60400246AEF /* Debug */,
				BBD28CA21DF5B60400246AEF /* Release */,
			);
			defaultConfigurationIsVisible = 0;
			defaultConfigurationName = Release;
		};
/* End XCConfigurationList section */
	};
	rootObject = BBD28C6A1DF5B60400246AEF /* Project object */;
}
